<Project xmlns="http://schemas.microsoft.com/developer/msbuild/2003">
    <PropertyGroup>
        <ProjectGuid>{29E947B3-FCC6-42B0-96D0-DE3AB6BEF8D7}</ProjectGuid>
        <ProjectVersion>16.1</ProjectVersion>
        <FrameworkType>None</FrameworkType>
        <Base>True</Base>
        <Config Condition="'$(Config)'==''">Debug</Config>
        <Platform Condition="'$(Platform)'==''">Win32</Platform>
        <TargetedPlatforms>1</TargetedPlatforms>
        <AppType>Console</AppType>
        <MainSource>TestIO.dpr</MainSource>
    </PropertyGroup>
    <PropertyGroup Condition="'$(Config)'=='Base' or '$(Base)'!=''">
        <Base>true</Base>
    </PropertyGroup>
    <PropertyGroup Condition="('$(Platform)'=='OSX32' and '$(Base)'=='true') or '$(Base_OSX32)'!=''">
        <Base_OSX32>true</Base_OSX32>
        <CfgParent>Base</CfgParent>
        <Base>true</Base>
    </PropertyGroup>
    <PropertyGroup Condition="('$(Platform)'=='Win32' and '$(Base)'=='true') or '$(Base_Win32)'!=''">
        <Base_Win32>true</Base_Win32>
        <CfgParent>Base</CfgParent>
        <Base>true</Base>
    </PropertyGroup>
    <PropertyGroup Condition="('$(Platform)'=='Win64' and '$(Base)'=='true') or '$(Base_Win64)'!=''">
        <Base_Win64>true</Base_Win64>
        <CfgParent>Base</CfgParent>
        <Base>true</Base>
    </PropertyGroup>
    <PropertyGroup Condition="'$(Config)'=='Debug' or '$(Cfg_1)'!=''">
        <Cfg_1>true</Cfg_1>
        <CfgParent>Base</CfgParent>
        <Base>true</Base>
    </PropertyGroup>
    <PropertyGroup Condition="('$(Platform)'=='Win32' and '$(Cfg_1)'=='true') or '$(Cfg_1_Win32)'!=''">
        <Cfg_1_Win32>true</Cfg_1_Win32>
        <CfgParent>Cfg_1</CfgParent>
        <Cfg_1>true</Cfg_1>
        <Base>true</Base>
    </PropertyGroup>
    <PropertyGroup Condition="'$(Config)'=='Release' or '$(Cfg_2)'!=''">
        <Cfg_2>true</Cfg_2>
        <CfgParent>Base</CfgParent>
        <Base>true</Base>
    </PropertyGroup>
    <PropertyGroup Condition="'$(Base)'!=''">
        <VerInfo_Keys>CompanyName=;FileDescription=;FileVersion=1.0.0.0;InternalName=;LegalCopyright=;LegalTrademarks=;OriginalFilename=;ProductName=;ProductVersion=1.0.0.0;Comments=</VerInfo_Keys>
        <VerInfo_Locale>1040</VerInfo_Locale>
        <Manifest_File>$(BDS)\bin\default_app.manifest</Manifest_File>
        <SanitizedProjectName>TestIO</SanitizedProjectName>
        <DCC_Namespace>System;Xml;Data;Datasnap;Web;Soap;Vcl;Vcl.Imaging;Vcl.Touch;Vcl.Samples;Vcl.Shell;$(DCC_Namespace)</DCC_Namespace>
        <DCC_UnitSearchPath>$(BDS)\Source\DUnit\src;..\..\..\..\Source\Core;..\..\..\..\Source\Brokers\XML;$(DCC_UnitSearchPath)</DCC_UnitSearchPath>
        <DCC_Define>_CONSOLE_TESTRUNNER;$(DCC_Define)</DCC_Define>
        <DCC_DcuOutput>.</DCC_DcuOutput>
        <DCC_ExeOutput>.\$(Platform)\$(Config)</DCC_ExeOutput>
        <DCC_E>false</DCC_E>
        <DCC_N>false</DCC_N>
        <DCC_S>false</DCC_S>
        <DCC_F>false</DCC_F>
        <DCC_K>false</DCC_K>
    </PropertyGroup>
    <PropertyGroup Condition="'$(Base_OSX32)'!=''">
        <DCC_UsePackage>FireDACSqliteDriver;FireDACDSDriver;DBXSqliteDriver;FireDACPgDriver;fmx;IndySystem;tethering;DBXInterBaseDriver;DataSnapClient;DataSnapServer;DataSnapCommon;DataSnapProviderClient;DbxCommonDriver;dbxcds;fmxFireDAC;DBXOracleDriver;CustomIPTransport;dsnap;IndyIPServer;fmxase;IndyCore;IndyIPCommon;CloudService;FmxTeeUI;FireDACIBDriver;DataSnapFireDAC;FireDACDBXDriver;soapserver;inetdbxpress;dsnapxml;FireDACASADriver;bindcompfmx;FireDACODBCDriver;RESTBackendComponents;emsclientfiredac;rtl;dbrtl;DbxClientDriver;FireDACCommon;bindcomp;inetdb;xmlrtl;DataSnapNativeClient;ibxpress;IndyProtocols;DBXMySQLDriver;FireDACCommonDriver;bindengine;bindcompdbx;soaprtl;FMXTee;emsclient;dklang;FireDACMSSQLDriver;FireDAC;DBXInformixDriver;DataSnapServerMidas;DBXFirebirdDriver;inet;fmxobj;FireDACMySQLDriver;soapmidas;DBXSybaseASADriver;FireDACOracleDriver;fmxdae;RESTComponents;dbexpress;DataSnapIndy10ServerTransport;IndyIPClient;$(DCC_UsePackage)</DCC_UsePackage>
    </PropertyGroup>
    <PropertyGroup Condition="'$(Base_Win32)'!=''">
        <VerInfo_Locale>1033</VerInfo_Locale>
        <DCC_Namespace>Winapi;System.Win;Data.Win;Datasnap.Win;Web.Win;Soap.Win;Xml.Win;Bde;$(DCC_Namespace)</DCC_Namespace>
        <VerInfo_Keys>CompanyName=;FileDescription=;FileVersion=1.0.0.0;InternalName=;LegalCopyright=;LegalTrademarks=;OriginalFilename=;ProductName=;ProductVersion=1.0.0.0;Comments=</VerInfo_Keys>
        <DCC_UsePackage>IOCore;rbDAD1621;rbDIDE1621;ISRtl6;FireDACSqliteDriver;rbADO1621;FireDACDSDriver;DBXSqliteDriver;FireDACPgDriver;fmx;IOXML;IndySystem;TeeDB;tethering;vclib;DBXInterBaseDriver;DataSnapClient;DataSnapServer;DataSnapCommon;ISReportBuilder6;DataSnapProviderClient;DBXSybaseASEDriver;rbIDE1621;DbxCommonDriver;vclimg;G114_RXE7;dbxcds;rbDB1621;DatasnapConnectorsFreePascal;MetropolisUILiveTile;ISVcl6;ISOpenOffice6;vcldb;vcldsnap;IOFireDAC;fmxFireDAC;DBXDb2Driver;DBXOracleDriver;CustomIPTransport;rbRAP1621;rbRTL1621;vclribbon;dsnap;IndyIPServer;fmxase;vcl;IndyCore;SynEdit_RXE7;DBXMSSQLDriver;IndyIPCommon;CloudService;FmxTeeUI;FireDACIBDriver;IODBX;DataSnapFireDAC;FireDACDBXDriver;IOIBX;soapserver;tmsdXE7;inetdbxpress;dsnapxml;FireDACInfxDriver;FireDACDb2Driver;rbIBE1621;adortl;tmswizdXE7;dclRBIBE1621;dclRBFireDAC1621;madBasic_;rbBDE1621;FireDACASADriver;rbCIDE1621;ISFLib6;rbTC1621;bindcompfmx;FireDACODBCDriver;RESTBackendComponents;emsclientfiredac;rbFireDAC1621;rtl;dbrtl;DbxClientDriver;rbDBE1621;FireDACCommon;bindcomp;inetdb;Tee;DBXOdbcDriver;vclFireDAC;madDisAsm_;xmlrtl;DataSnapNativeClient;svnui;ibxpress;rbRIDE1621;IndyProtocols;DBXMySQLDriver;rbUSER1621;FireDACCommonDriver;bindengine;vclactnband;bindcompdbx;soaprtl;FMXTee;TeeUI;bindcompvcl;ActionBandExtensionsDXE7;dclRBE1621;dclRBADO1621;vclie;rbTCUI1621;madExcept_;FireDACADSDriver;vcltouch;emsclient;FrameViewerXE7;dklang;VCLRESTComponents;FireDACMSSQLDriver;FireDAC;VclSmp;DBXInformixDriver;Intraweb;DataSnapConnectors;DataSnapServerMidas;rbUSERDesign1621;dsnapcon;DBXFirebirdDriver;tmsexdXE7;inet;dclRBDBE1621;fmxobj;FireDACMySQLDriver;soapmidas;vclx;tmsxlsdXE7;rbRest1621;svn;DBXSybaseASADriver;FireDACOracleDriver;fmxdae;RESTComponents;rbRCL1621;IOADO;FireDACMSAccDriver;dbexpress;DataSnapIndy10ServerTransport;IndyIPClient;$(DCC_UsePackage)</DCC_UsePackage>
    </PropertyGroup>
    <PropertyGroup Condition="'$(Base_Win64)'!=''">
        <DCC_UsePackage>FireDACSqliteDriver;FireDACDSDriver;DBXSqliteDriver;FireDACPgDriver;fmx;IndySystem;TeeDB;tethering;vclib;DBXInterBaseDriver;DataSnapClient;DataSnapServer;DataSnapCommon;DataSnapProviderClient;DBXSybaseASEDriver;DbxCommonDriver;vclimg;dbxcds;DatasnapConnectorsFreePascal;MetropolisUILiveTile;vcldb;vcldsnap;fmxFireDAC;DBXDb2Driver;DBXOracleDriver;CustomIPTransport;vclribbon;dsnap;IndyIPServer;fmxase;vcl;IndyCore;SynEdit_RXE7;DBXMSSQLDriver;IndyIPCommon;CloudService;FmxTeeUI;FireDACIBDriver;DataSnapFireDAC;FireDACDBXDriver;soapserver;tmsdXE7;inetdbxpress;dsnapxml;FireDACInfxDriver;FireDACDb2Driver;adortl;FireDACASADriver;bindcompfmx;FireDACODBCDriver;RESTBackendComponents;emsclientfiredac;rtl;dbrtl;DbxClientDriver;FireDACCommon;bindcomp;inetdb;Tee;DBXOdbcDriver;vclFireDAC;xmlrtl;DataSnapNativeClient;ibxpress;IndyProtocols;DBXMySQLDriver;FireDACCommonDriver;bindengine;vclactnband;bindcompdbx;soaprtl;FMXTee;TeeUI;bindcompvcl;vclie;FireDACADSDriver;vcltouch;emsclient;dklang;VCLRESTComponents;FireDACMSSQLDriver;FireDAC;VclSmp;DBXInformixDriver;Intraweb;DataSnapConnectors;DataSnapServerMidas;dsnapcon;DBXFirebirdDriver;tmsexdXE7;inet;fmxobj;FireDACMySQLDriver;soapmidas;vclx;DBXSybaseASADriver;FireDACOracleDriver;fmxdae;RESTComponents;FireDACMSAccDriver;dbexpress;DataSnapIndy10ServerTransport;IndyIPClient;$(DCC_UsePackage)</DCC_UsePackage>
    </PropertyGroup>
    <PropertyGroup Condition="'$(Cfg_1)'!=''">
        <DCC_Define>DEBUG;$(DCC_Define)</DCC_Define>
        <DCC_DebugDCUs>true</DCC_DebugDCUs>
        <DCC_Optimize>false</DCC_Optimize>
        <DCC_GenerateStackFrames>true</DCC_GenerateStackFrames>
        <DCC_DebugInfoInExe>true</DCC_DebugInfoInExe>
        <DCC_RemoteDebug>true</DCC_RemoteDebug>
    </PropertyGroup>
    <PropertyGroup Condition="'$(Cfg_1_Win32)'!=''">
        <VerInfo_Locale>1033</VerInfo_Locale>
        <Manifest_File>None</Manifest_File>
        <DCC_RemoteDebug>false</DCC_RemoteDebug>
    </PropertyGroup>
    <PropertyGroup Condition="'$(Cfg_2)'!=''">
        <DCC_LocalDebugSymbols>false</DCC_LocalDebugSymbols>
        <DCC_Define>RELEASE;$(DCC_Define)</DCC_Define>
        <DCC_SymbolReferenceInfo>0</DCC_SymbolReferenceInfo>
        <DCC_DebugInformation>0</DCC_DebugInformation>
    </PropertyGroup>
    <ItemGroup>
        <DelphiCompile Include="$(MainSource)">
            <MainSource>MainSource</MainSource>
        </DelphiCompile>
        <DCCReference Include="..\..\..\NotRefCountIObject.pas"/>
        <DCCReference Include="..\..\..\ubMockObject.pas"/>
        <DCCReference Include="..\..\..\InstantMock.pas"/>
        <DCCReference Include="..\..\..\TestMockConnector.pas"/>
        <BuildConfiguration Include="Release">
            <Key>Cfg_2</Key>
            <CfgParent>Base</CfgParent>
        </BuildConfiguration>
        <BuildConfiguration Include="Base">
            <Key>Base</Key>
        </BuildConfiguration>
        <BuildConfiguration Include="Debug">
            <Key>Cfg_1</Key>
            <CfgParent>Base</CfgParent>
        </BuildConfiguration>
    </ItemGroup>
    <ProjectExtensions>
        <Borland.Personality>Delphi.Personality.12</Borland.Personality>
        <Borland.ProjectType>Application</Borland.ProjectType>
        <BorlandProject>
            <Delphi.Personality>
                <Source>
                    <Source Name="MainSource">TestIO.dpr</Source>
                </Source>
                <Excluded_Packages>
                    <Excluded_Packages Name="$(BDSBIN)\dcloffice2k210.bpl">Microsoft Office 2000 Sample Automation Server Wrapper Components</Excluded_Packages>
                    <Excluded_Packages Name="$(BDSBIN)\dclofficexp210.bpl">Microsoft Office XP Sample Automation Server Wrapper Components</Excluded_Packages>
                </Excluded_Packages>
            </Delphi.Personality>
            <Deployment/>
            <Platforms>
                <Platform value="OSX32">False</Platform>
                <Platform value="Win32">True</Platform>
                <Platform value="Win64">False</Platform>
            </Platforms>
            <UnitTesting>
                <TestFramework>DUnit / Delphi Win32</TestFramework>
                <TestRunner>GUI</TestRunner>
                <TestProjectName/>
                <SourceProjectName/>
            </UnitTesting>
        </BorlandProject>
        <ProjectFileVersion>12</ProjectFileVersion>
    </ProjectExtensions>
    <Import Project="$(BDS)\Bin\CodeGear.Delphi.Targets" Condition="Exists('$(BDS)\Bin\CodeGear.Delphi.Targets')"/>
    <Import Project="$(APPDATA)\Embarcadero\$(BDSAPPDATABASEDIR)\$(PRODUCTVERSION)\UserTools.proj" Condition="Exists('$(APPDATA)\Embarcadero\$(BDSAPPDATABASEDIR)\$(PRODUCTVERSION)\UserTools.proj')"/>
</Project>
