	<Project xmlns="http://schemas.microsoft.com/developer/msbuild/2003">
		<PropertyGroup>
			<ProjectGuid>{0d607f9b-9c2b-445d-84fd-7072bc53deff}</ProjectGuid>
			<MainSource>PrimerExternal_DXE.dpr</MainSource>
			<Configuration Condition=" '$(Configuration)' == '' ">Debug</Configuration>
			<DCC_DCCCompiler>DCC32</DCC_DCCCompiler>
			<DCC_DependencyCheckOutputName>PrimerExternal.exe</DCC_DependencyCheckOutputName>
			<ProjectVersion>12.2</ProjectVersion>
			<Config Condition="'$(Config)'==''">Debug</Config>
			<Base>True</Base>
			<Platform>Win32</Platform>
			<AppType>Application</AppType>
			<FrameworkType>VCL</FrameworkType>
		</PropertyGroup>
		<PropertyGroup Condition="'$(Config)'=='Base' or '$(Base)'!=''">
			<Base>true</Base>
		</PropertyGroup>
		<PropertyGroup Condition="'$(Config)'=='Release' or '$(Cfg_1)'!=''">
			<Cfg_1>true</Cfg_1>
			<CfgParent>Base</CfgParent>
			<Base>true</Base>
		</PropertyGroup>
		<PropertyGroup Condition="'$(Config)'=='Debug' or '$(Cfg_2)'!=''">
			<Cfg_2>true</Cfg_2>
			<CfgParent>Base</CfgParent>
			<Base>true</Base>
		</PropertyGroup>
		<PropertyGroup Condition="'$(Base)'!=''">
			<DCC_UnitAlias>WinTypes=Windows;WinProcs=Windows;DbiTypes=BDE;DbiProcs=BDE;DbiErrs=BDE;$(DCC_UnitAlias)</DCC_UnitAlias>
			<DCC_Define>IO_STATEMENT_LOGGING;$(DCC_Define)</DCC_Define>
			<DCC_DependencyCheckOutputName>PrimerExternal_D2009.exe</DCC_DependencyCheckOutputName>
		</PropertyGroup>
		<PropertyGroup Condition="'$(Cfg_1)'!=''">
			<Version>7.0</Version>
			<DCC_DebugInformation>False</DCC_DebugInformation>
			<DCC_LocalDebugSymbols>False</DCC_LocalDebugSymbols>
			<DCC_SymbolReferenceInfo>0</DCC_SymbolReferenceInfo>
			<DCC_Define>RELEASE;$(DCC_Define)</DCC_Define>
			<DCC_UnitSearchPath>..\..\Source\Core;..\..\Source\Brokers\ADO;..\..\Source\Brokers\BDE;..\..\Source\Brokers\DBX;..\..\Source\Brokers\IBX;..\..\Source\Brokers\XML;..\..\Source\Catalogs\IBFb;..\..\Source\Catalogs\MSSql;..\..\Source\Catalogs\MySql;$(DCC_UnitSearchPath)</DCC_UnitSearchPath>
			<DCC_ResourcePath>..\..\Source\Core;..\..\Source\Brokers\ADO;..\..\Source\Brokers\BDE;..\..\Source\Brokers\DBX;..\..\Source\Brokers\IBX;..\..\Source\Brokers\XML;..\..\Source\Catalogs\IBFb;..\..\Source\Catalogs\MSSql;..\..\Source\Catalogs\MySql;$(DCC_ResourcePath)</DCC_ResourcePath>
			<DCC_ObjPath>..\..\Source\Core;..\..\Source\Brokers\ADO;..\..\Source\Brokers\BDE;..\..\Source\Brokers\DBX;..\..\Source\Brokers\IBX;..\..\Source\Brokers\XML;..\..\Source\Catalogs\IBFb;..\..\Source\Catalogs\MSSql;..\..\Source\Catalogs\MySql;$(DCC_ObjPath)</DCC_ObjPath>
			<DCC_IncludePath>..\..\Source\Core;..\..\Source\Brokers\ADO;..\..\Source\Brokers\BDE;..\..\Source\Brokers\DBX;..\..\Source\Brokers\IBX;..\..\Source\Brokers\XML;..\..\Source\Catalogs\IBFb;..\..\Source\Catalogs\MSSql;..\..\Source\Catalogs\MySql;$(DCC_IncludePath)</DCC_IncludePath>
		</PropertyGroup>
		<PropertyGroup Condition="'$(Cfg_2)'!=''">
			<DCC_Optimize>false</DCC_Optimize>
			<DCC_DebugDCUs>true</DCC_DebugDCUs>
			<Version>7.0</Version>
			<DCC_Define>DEBUG;$(DCC_Define)</DCC_Define>
			<DCC_UnitSearchPath>..\..\Source\Core;..\..\Source\Brokers\ADO;..\..\Source\Brokers\BDE;..\..\Source\Brokers\DBX;..\..\Source\Brokers\IBX;..\..\Source\Brokers\XML;..\..\Source\Catalogs\IBFb;..\..\Source\Catalogs\MSSql;..\..\Source\Catalogs\MySql;$(DCC_UnitSearchPath)</DCC_UnitSearchPath>
			<DCC_ResourcePath>..\..\Source\Core;..\..\Source\Brokers\ADO;..\..\Source\Brokers\BDE;..\..\Source\Brokers\DBX;..\..\Source\Brokers\IBX;..\..\Source\Brokers\XML;..\..\Source\Catalogs\IBFb;..\..\Source\Catalogs\MSSql;..\..\Source\Catalogs\MySql;$(DCC_ResourcePath)</DCC_ResourcePath>
			<DCC_ObjPath>..\..\Source\Core;..\..\Source\Brokers\ADO;..\..\Source\Brokers\BDE;..\..\Source\Brokers\DBX;..\..\Source\Brokers\IBX;..\..\Source\Brokers\XML;..\..\Source\Catalogs\IBFb;..\..\Source\Catalogs\MSSql;..\..\Source\Catalogs\MySql;$(DCC_ObjPath)</DCC_ObjPath>
			<DCC_IncludePath>..\..\Source\Core;..\..\Source\Brokers\ADO;..\..\Source\Brokers\BDE;..\..\Source\Brokers\DBX;..\..\Source\Brokers\IBX;..\..\Source\Brokers\XML;..\..\Source\Catalogs\IBFb;..\..\Source\Catalogs\MSSql;..\..\Source\Catalogs\MySql;$(DCC_IncludePath)</DCC_IncludePath>
		</PropertyGroup>
		<ProjectExtensions>
			<Borland.Personality>Delphi.Personality.12</Borland.Personality>
			<Borland.ProjectType>VCLApplication</Borland.ProjectType>
			<BorlandProject>
				<Delphi.Personality>
					<Compiler>
						<Compiler Name="UsePackages">False</Compiler>
						<Compiler Name="Packages"/>
					</Compiler>
					<Parameters/>
					<VersionInfo>
						<VersionInfo Name="IncludeVerInfo">True</VersionInfo>
						<VersionInfo Name="AutoIncBuild">False</VersionInfo>
						<VersionInfo Name="MajorVer">2</VersionInfo>
						<VersionInfo Name="MinorVer">0</VersionInfo>
						<VersionInfo Name="Release">0</VersionInfo>
						<VersionInfo Name="Build">0</VersionInfo>
						<VersionInfo Name="Debug">False</VersionInfo>
						<VersionInfo Name="PreRelease">False</VersionInfo>
						<VersionInfo Name="Special">False</VersionInfo>
						<VersionInfo Name="Private">False</VersionInfo>
						<VersionInfo Name="DLL">False</VersionInfo>
						<VersionInfo Name="Locale">1030</VersionInfo>
						<VersionInfo Name="CodePage">1252</VersionInfo>
					</VersionInfo>
					<VersionInfoKeys>
						<VersionInfoKeys Name="CompanyName">InstantObjects.org</VersionInfoKeys>
						<VersionInfoKeys Name="FileDescription">Primer Demo</VersionInfoKeys>
						<VersionInfoKeys Name="FileVersion">2.0.0.0</VersionInfoKeys>
						<VersionInfoKeys Name="InternalName"/>
						<VersionInfoKeys Name="LegalCopyright">MPL public license</VersionInfoKeys>
						<VersionInfoKeys Name="LegalTrademarks"/>
						<VersionInfoKeys Name="OriginalFilename"/>
						<VersionInfoKeys Name="ProductName"/>
						<VersionInfoKeys Name="ProductVersion">2.0</VersionInfoKeys>
						<VersionInfoKeys Name="Comments"/>
					</VersionInfoKeys>
					<Source>
						<Source Name="MainSource">PrimerExternal_DXE.dpr</Source>
					</Source>
				</Delphi.Personality>
				<Platforms>
					<Platform value="Win32">True</Platform>
				</Platforms>
			</BorlandProject>
			<ProjectFileVersion>12</ProjectFileVersion>
		</ProjectExtensions>
		<ItemGroup>
			<DelphiCompile Include="PrimerExternal_DXE.dpr">
				<MainSource>MainSource</MainSource>
			</DelphiCompile>
			<DCCReference Include="Main.pas">
				<Form>MainForm</Form>
			</DCCReference>
			<DCCReference Include="ModelExternal\Model.pas"/>
			<DCCReference Include="ContactView.pas">
				<Form>ContactViewForm</Form>
				<DesignClass>TFrame</DesignClass>
			</DCCReference>
			<DCCReference Include="BasicView.pas">
				<Form>BasicViewForm</Form>
				<DesignClass>TFrame</DesignClass>
			</DCCReference>
			<DCCReference Include="BasicEdit.pas">
				<Form>BasicEditForm</Form>
			</DCCReference>
			<DCCReference Include="ContactEdit.pas">
				<Form>ContactEditForm</Form>
			</DCCReference>
			<DCCReference Include="PersonEdit.pas">
				<Form>PersonEditForm</Form>
			</DCCReference>
			<DCCReference Include="CompanyEdit.pas">
				<Form>CompanyEditForm</Form>
			</DCCReference>
			<DCCReference Include="DemoData.pas"/>
			<DCCReference Include="ContactFilterEdit.pas">
				<Form>ContactFilterEditForm</Form>
			</DCCReference>
			<DCCReference Include="MainData.pas">
				<Form>MainDataModule</Form>
				<DesignClass>TDataModule</DesignClass>
			</DCCReference>
			<DCCReference Include="ContactBrowse.pas">
				<Form>ContactBrowseForm</Form>
			</DCCReference>
			<DCCReference Include="CompanyBrowse.pas">
				<Form>CompanyBrowseForm</Form>
			</DCCReference>
			<DCCReference Include="PerformanceView.pas">
				<Form>PerformanceViewForm</Form>
				<DesignClass>TFrame</DesignClass>
			</DCCReference>
			<DCCReference Include="Welcome.pas">
				<Form>WelcomeForm</Form>
			</DCCReference>
			<DCCReference Include="PersonBrowse.pas">
				<Form>PersonBrowseForm</Form>
			</DCCReference>
			<DCCReference Include="BasicBrowse.pas">
				<Form>BasicBrowseForm</Form>
			</DCCReference>
			<DCCReference Include="CountryBrowse.pas">
				<Form>CountryBrowseForm</Form>
			</DCCReference>
			<DCCReference Include="DemoDataRequest.pas">
				<Form>DemoDataRequestForm</Form>
			</DCCReference>
			<DCCReference Include="ContactSort.pas">
				<Form>ContactSortForm</Form>
			</DCCReference>
			<DCCReference Include="CategoryBrowse.pas">
				<Form>CategoryBrowseForm</Form>
			</DCCReference>
			<DCCReference Include="HelpView.pas">
				<Form>HelpViewForm</Form>
				<DesignClass>TFrame</DesignClass>
			</DCCReference>
			<DCCReference Include="RandomData.pas"/>
			<DCCReference Include="Stopwatch.pas"/>
			<DCCReference Include="Utility.pas"/>
			<DCCReference Include="QueryView.pas">
				<Form>QueryViewForm</Form>
				<DesignClass>TFrame</DesignClass>
			</DCCReference>
			<BuildConfiguration Include="Debug">
				<Key>Cfg_2</Key>
				<CfgParent>Base</CfgParent>
			</BuildConfiguration>
			<BuildConfiguration Include="Base">
				<Key>Base</Key>
			</BuildConfiguration>
			<BuildConfiguration Include="Release">
				<Key>Cfg_1</Key>
				<CfgParent>Base</CfgParent>
			</BuildConfiguration>
		</ItemGroup>
		<Import Condition="Exists('$(BDS)\Bin\CodeGear.Delphi.Targets')" Project="$(BDS)\Bin\CodeGear.Delphi.Targets"/>
		<Import Condition="Exists('$(APPDATA)\Embarcadero\$(BDSAPPDATABASEDIR)\8.0\UserTools.proj')" Project="$(APPDATA)\Embarcadero\$(BDSAPPDATABASEDIR)\8.0\UserTools.proj"/>
	</Project>
