<?xml version="1.0"?>
<CONFIG>
  <ProjectOptions>
    <PathDelim Value="\"/>
    <Version Value="5"/>
    <General>
      <MainUnit Value="0"/>
      <ActiveEditorIndexAtStart Value="0"/>
      <IconPath Value="./"/>
      <TargetFileExt Value=".exe"/>
      <Title Value="TestIO"/>
    </General>
    <JumpHistory Count="25" HistoryIndex="24">
      <Position1>
        <Filename Value="D:\SELEQT\InstantObjects1.7\Source\core\InstantPersistence.pas"/>
        <Caret Line="14313" Column="1" TopLine="14291"/>
      </Position1>
      <Position2>
        <Filename Value="D:\SELEQT\InstantObjects1.7\Source\core\InstantPersistence.pas"/>
        <Caret Line="14314" Column="1" TopLine="14292"/>
      </Position2>
      <Position3>
        <Filename Value="D:\SELEQT\InstantObjects1.7\Source\core\InstantPersistence.pas"/>
        <Caret Line="14315" Column="1" TopLine="14293"/>
      </Position3>
      <Position4>
        <Filename Value="D:\SELEQT\InstantObjects1.7\Source\core\InstantPersistence.pas"/>
        <Caret Line="14311" Column="1" TopLine="14289"/>
      </Position4>
      <Position5>
        <Filename Value="D:\SELEQT\InstantObjects1.7\Source\core\InstantPersistence.pas"/>
        <Caret Line="14313" Column="1" TopLine="14291"/>
      </Position5>
      <Position6>
        <Filename Value="D:\SELEQT\InstantObjects1.7\Source\core\InstantPersistence.pas"/>
        <Caret Line="14314" Column="1" TopLine="14292"/>
      </Position6>
      <Position7>
        <Filename Value="D:\SELEQT\InstantObjects1.7\Source\core\InstantPersistence.pas"/>
        <Caret Line="14315" Column="1" TopLine="14293"/>
      </Position7>
      <Position8>
        <Filename Value="D:\SELEQT\InstantObjects1.7\Source\core\InstantPersistence.pas"/>
        <Caret Line="14311" Column="1" TopLine="14289"/>
      </Position8>
      <Position9>
        <Filename Value="D:\SELEQT\InstantObjects1.7\Source\core\InstantPersistence.pas"/>
        <Caret Line="14313" Column="1" TopLine="14291"/>
      </Position9>
      <Position10>
        <Filename Value="D:\SELEQT\InstantObjects1.7\Source\core\InstantPersistence.pas"/>
        <Caret Line="14314" Column="1" TopLine="14292"/>
      </Position10>
      <Position11>
        <Filename Value="D:\SELEQT\InstantObjects1.7\Source\core\InstantPersistence.pas"/>
        <Caret Line="14315" Column="1" TopLine="14293"/>
      </Position11>
      <Position12>
        <Filename Value="D:\SELEQT\InstantObjects1.7\Source\core\InstantPersistence.pas"/>
        <Caret Line="14321" Column="1" TopLine="14299"/>
      </Position12>
      <Position13>
        <Filename Value="D:\SELEQT\InstantObjects1.7\Source\core\InstantPersistence.pas"/>
        <Caret Line="14382" Column="1" TopLine="14360"/>
      </Position13>
      <Position14>
        <Filename Value="D:\SELEQT\InstantObjects1.7\Source\core\InstantPersistence.pas"/>
        <Caret Line="14387" Column="1" TopLine="14365"/>
      </Position14>
      <Position15>
        <Filename Value="D:\SELEQT\InstantObjects1.7\Source\core\InstantPersistence.pas"/>
        <Caret Line="14382" Column="1" TopLine="14360"/>
      </Position15>
      <Position16>
        <Filename Value="D:\SELEQT\InstantObjects1.7\Source\core\InstantPersistence.pas"/>
        <Caret Line="14378" Column="1" TopLine="14356"/>
      </Position16>
      <Position17>
        <Filename Value="D:\SELEQT\InstantObjects1.7\Source\core\InstantPersistence.pas"/>
        <Caret Line="14389" Column="1" TopLine="14367"/>
      </Position17>
      <Position18>
        <Filename Value="D:\SELEQT\InstantObjects1.7\Source\core\InstantPersistence.pas"/>
        <Caret Line="14378" Column="1" TopLine="14356"/>
      </Position18>
      <Position19>
        <Filename Value="D:\SELEQT\InstantObjects1.7\Source\core\InstantPersistence.pas"/>
        <Caret Line="14389" Column="1" TopLine="14367"/>
      </Position19>
      <Position20>
        <Filename Value="D:\SELEQT\InstantObjects1.7\source\brokers\uib\InstantUIB.pas"/>
        <Caret Line="538" Column="1" TopLine="516"/>
      </Position20>
      <Position21>
        <Filename Value="D:\SELEQT\InstantObjects1.7\Source\core\InstantPersistence.pas"/>
        <Caret Line="10063" Column="1" TopLine="10041"/>
      </Position21>
      <Position22>
        <Filename Value="D:\lazarus\fpcsrc\fcl\fpcunit\fpcunit.pp"/>
        <Caret Line="359" Column="37" TopLine="335"/>
      </Position22>
      <Position23>
        <Filename Value="D:\SELEQT\InstantObjects1.7\Source\core\InstantPresentation.pas"/>
        <Caret Line="269" Column="1" TopLine="267"/>
      </Position23>
      <Position24>
        <Filename Value="D:\SELEQT\InstantObjects1.7\Source\core\InstantPresentation.pas"/>
        <Caret Line="289" Column="31" TopLine="267"/>
      </Position24>
      <Position25>
        <Filename Value="D:\SELEQT\InstantObjects1.7\Source\core\InstantPresentation.pas"/>
        <Caret Line="363" Column="44" TopLine="341"/>
      </Position25>
    </JumpHistory>
    <Units Count="127">
      <Unit0>
        <CursorPos X="1" Y="31"/>
        <EditorIndex Value="0"/>
        <Filename Value="TestIO.dpr"/>
        <IsPartOfProject Value="True"/>
        <Loaded Value="True"/>
        <TopLine Value="1"/>
        <UnitName Value="TestIO"/>
        <UsageCount Value="153"/>
      </Unit0>
      <Unit1>
        <CursorPos X="1" Y="1"/>
        <Filename Value="TestMockConnector.pas"/>
        <TopLine Value="7"/>
        <UnitName Value="TestMockConnector"/>
        <UsageCount Value="15"/>
      </Unit1>
      <Unit2>
        <CursorPos X="1" Y="102"/>
        <Filename Value="E:\z\IO_cvs\Source\Core\InstantClasses.pas"/>
        <TopLine Value="101"/>
        <UnitName Value="InstantClasses"/>
        <UsageCount Value="2"/>
      </Unit2>
      <Unit3>
        <CursorPos X="10" Y="35"/>
        <Filename Value="E:\lazarus\fpcsrc\fcl\classes\win32\classes.pp"/>
        <TopLine Value="1"/>
        <UsageCount Value="10"/>
      </Unit3>
      <Unit4>
        <CursorPos X="34" Y="54"/>
        <Filename Value="e:\lazarus\fpcsrc\fcl\classes\classes.inc"/>
        <TopLine Value="30"/>
        <UsageCount Value="10"/>
      </Unit4>
      <Unit5>
        <CursorPos X="3" Y="315"/>
        <Filename Value="e:\lazarus\fpcsrc\fcl\classes\classesh.inc"/>
        <TopLine Value="303"/>
        <UsageCount Value="10"/>
      </Unit5>
      <Unit6>
        <CursorPos X="79" Y="36"/>
        <Filename Value="E:\z\IO_cvs\Source\Core\InstantRtti.pas"/>
        <TopLine Value="33"/>
        <UnitName Value="InstantRtti"/>
        <UsageCount Value="10"/>
      </Unit6>
      <Unit7>
        <CursorPos X="38" Y="938"/>
        <Filename Value="E:\z\svifpc\io\source\core\InstantPersistence.pas"/>
        <TopLine Value="935"/>
        <UnitName Value="InstantPersistence"/>
        <UsageCount Value="11"/>
      </Unit7>
      <Unit8>
        <CursorPos X="53" Y="12"/>
        <Filename Value="InstantMock.pas"/>
        <TopLine Value="10"/>
        <UnitName Value="InstantMock"/>
        <UsageCount Value="9"/>
      </Unit8>
      <Unit9>
        <CursorPos X="1" Y="161"/>
        <Filename Value="TestInstantRtti.pas"/>
        <TopLine Value="135"/>
        <UnitName Value="TestInstantRtti"/>
        <UsageCount Value="59"/>
      </Unit9>
      <Unit10>
        <CursorPos X="68" Y="118"/>
        <Filename Value="E:\z\svifpc\io\source\core\InstantRtti.pas"/>
        <TopLine Value="115"/>
        <UnitName Value="InstantRtti"/>
        <UsageCount Value="41"/>
      </Unit10>
      <Unit11>
        <CursorPos X="34" Y="8"/>
        <Filename Value="E:\z\svifpc\io\source\core\InstantDefines.inc"/>
        <TopLine Value="1"/>
        <UsageCount Value="10"/>
      </Unit11>
      <Unit12>
        <CursorPos X="18" Y="83"/>
        <Filename Value="E:\cvs_local\fpc\rtl\inc\variants.pp"/>
        <TopLine Value="67"/>
        <UnitName Value="variants"/>
        <UsageCount Value="9"/>
      </Unit12>
      <Unit13>
        <CursorPos X="1" Y="1"/>
        <Filename Value="E:\cvs_local\fpc\rtl\win32\sysutils.pp"/>
        <TopLine Value="46"/>
        <UnitName Value="sysutils"/>
        <UsageCount Value="9"/>
      </Unit13>
      <Unit14>
        <CursorPos X="58" Y="105"/>
        <Filename Value="E:\z\sviFpc\IO\Source\Core\InstantConsts.pas"/>
        <TopLine Value="100"/>
        <UnitName Value="InstantConsts"/>
        <UsageCount Value="10"/>
      </Unit14>
      <Unit15>
        <CursorPos X="29" Y="345"/>
        <Filename Value="TestInstantClasses.pas"/>
        <TopLine Value="293"/>
        <UnitName Value="TestInstantClasses"/>
        <UsageCount Value="42"/>
      </Unit15>
      <Unit16>
        <CursorPos X="17" Y="1585"/>
        <Filename Value="E:\z\svifpc\io\source\core\InstantCode.pas"/>
        <TopLine Value="1574"/>
        <UnitName Value="InstantCode"/>
        <UsageCount Value="10"/>
      </Unit16>
      <Unit17>
        <CursorPos X="1" Y="1"/>
        <Filename Value="E:\z\svifpc\io\source\core\InstantClasses.pas"/>
        <TopLine Value="1"/>
        <UnitName Value="InstantClasses"/>
        <UsageCount Value="40"/>
      </Unit17>
      <Unit18>
        <CursorPos X="40" Y="80"/>
        <Filename Value="E:\cvs_local\fpc\fcl\fpcunit\fpcunit.pp"/>
        <TopLine Value="79"/>
        <UnitName Value="fpcunit"/>
        <UsageCount Value="8"/>
      </Unit18>
      <Unit19>
        <CursorPos X="35" Y="32"/>
        <Filename Value="E:\cvs_local\fpc\rtl\objpas\typinfo.pp"/>
        <TopLine Value="30"/>
        <UnitName Value="typinfo"/>
        <UsageCount Value="21"/>
      </Unit19>
      <Unit20>
        <CursorPos X="28" Y="376"/>
        <Filename Value="E:\cvs_local\fpc\fcl\inc\rttiutils.pp"/>
        <TopLine Value="371"/>
        <UnitName Value="rttiutils"/>
        <UsageCount Value="9"/>
      </Unit20>
      <Unit21>
        <CursorPos X="5" Y="236"/>
        <Filename Value="E:\z\svifpc\io\source\core\InstantFpcUtils.pas"/>
        <TopLine Value="228"/>
        <UnitName Value="InstantFpcUtils"/>
        <UsageCount Value="29"/>
      </Unit21>
      <Unit22>
        <CursorPos X="11" Y="1739"/>
        <Filename Value="E:\cvs_local\fpc\rtl\objpas\classes\classesh.inc"/>
        <TopLine Value="1728"/>
        <UsageCount Value="21"/>
      </Unit22>
      <Unit23>
        <CursorPos X="1" Y="840"/>
        <Filename Value="E:\cvs_local\fpc\rtl\objpas\classes\writer.inc"/>
        <TopLine Value="805"/>
        <UsageCount Value="8"/>
      </Unit23>
      <Unit24>
        <CursorPos X="3" Y="928"/>
        <Filename Value="E:\cvs_local\fpc\rtl\objpas\classes\reader.inc"/>
        <TopLine Value="926"/>
        <UsageCount Value="22"/>
      </Unit24>
      <Unit25>
        <CursorPos X="81" Y="68"/>
        <Filename Value="E:\cvs_local\fpc\rtl\objpas\sysutils\sysutilh.inc"/>
        <TopLine Value="67"/>
        <UsageCount Value="2"/>
      </Unit25>
      <Unit26>
        <CursorPos X="1" Y="1"/>
        <Filename Value="TestMinimalModel.pas"/>
        <TopLine Value="1"/>
        <UnitName Value="TestMinimalModel"/>
        <UsageCount Value="52"/>
      </Unit26>
      <Unit27>
        <CursorPos X="54" Y="16"/>
        <Filename Value="E:\cvs_local\fpc\tests\test\trtti1.pp"/>
        <TopLine Value="5"/>
        <UnitName Value="trtti1"/>
        <UsageCount Value="6"/>
      </Unit27>
      <Unit28>
        <CursorPos X="56" Y="4"/>
        <Filename Value="TestMockBroker.pas"/>
        <TopLine Value="2"/>
        <UnitName Value="TestMockBroker"/>
        <UsageCount Value="23"/>
      </Unit28>
      <Unit29>
        <CursorPos X="9" Y="50"/>
        <Filename Value="MinimalModel.pas"/>
        <TopLine Value="46"/>
        <UnitName Value="MinimalModel"/>
        <UsageCount Value="50"/>
      </Unit29>
      <Unit30>
        <CursorPos X="60" Y="538"/>
        <Filename Value="Model.pas"/>
        <TopLine Value="536"/>
        <UnitName Value="Model"/>
        <UsageCount Value="20"/>
      </Unit30>
      <Unit31>
        <CursorPos X="17" Y="7"/>
        <Filename Value="TestInstantPersistence.pas"/>
        <TopLine Value="2"/>
        <UnitName Value="TestInstantPersistence"/>
        <UsageCount Value="49"/>
      </Unit31>
      <Unit32>
        <CursorPos X="57" Y="1"/>
        <Filename Value="E:\cvs_local\fpc\rtl\objpas\rtlconsts.pp"/>
        <TopLine Value="1"/>
        <UnitName Value="RtlConsts"/>
        <UsageCount Value="9"/>
      </Unit32>
      <Unit33>
        <CursorPos X="1" Y="1"/>
        <Filename Value="TestIO.mdx"/>
        <SyntaxHighlighter Value="None"/>
        <TopLine Value="1"/>
        <UsageCount Value="5"/>
      </Unit33>
      <Unit34>
        <CursorPos X="7" Y="905"/>
        <Filename Value="E:\cvs_local\fpc\fcl\classes\classes.inc"/>
        <TopLine Value="661"/>
        <UsageCount Value="9"/>
      </Unit34>
      <Unit35>
        <CursorPos X="38" Y="594"/>
        <Filename Value="E:\cvs_local\fpc\fcl\classes\reader.inc"/>
        <TopLine Value="591"/>
        <UsageCount Value="1"/>
      </Unit35>
      <Unit36>
        <CursorPos X="81" Y="352"/>
        <Filename Value="E:\cvs_local\lazarus\components\fpcunit\GuiTestRunner.pas"/>
        <ComponentName Value="GUITestRunner"/>
        <ResourceFilename Value="E:\cvs_local\lazarus\components\fpcunit\guitestrunner.lrs"/>
        <TopLine Value="346"/>
        <UnitName Value="GuiTestRunner"/>
        <UsageCount Value="7"/>
      </Unit36>
      <Unit37>
        <CursorPos X="1" Y="41"/>
        <Filename Value="E:\cvs_local\fpc\rtl\objpas\classes\constsg.inc"/>
        <TopLine Value="30"/>
        <UsageCount Value="2"/>
      </Unit37>
      <Unit38>
        <CursorPos X="1" Y="40"/>
        <Filename Value="E:\cvs_local\fpc\rtl\objpas\classes\constss.inc"/>
        <TopLine Value="29"/>
        <UsageCount Value="2"/>
      </Unit38>
      <Unit39>
        <CursorPos X="2" Y="40"/>
        <Filename Value="E:\cvs_local\fpc\rtl\objpas\classes\util.inc"/>
        <TopLine Value="40"/>
        <UsageCount Value="11"/>
      </Unit39>
      <Unit40>
        <CursorPos X="11" Y="172"/>
        <Filename Value="E:\cvs_local\fpc\rtl\objpas\strutils.pp"/>
        <TopLine Value="161"/>
        <UnitName Value="strutils"/>
        <UsageCount Value="8"/>
      </Unit40>
      <Unit41>
        <CursorPos X="3" Y="1230"/>
        <Filename Value="E:\cvs_local\lazarus\components\rtticontrols\rttigrids.pas"/>
        <TopLine Value="1219"/>
        <UnitName Value="RTTIGrids"/>
        <UsageCount Value="8"/>
      </Unit41>
      <Unit42>
        <CursorPos X="6" Y="2"/>
        <Filename Value="E:\cvs_local\fpc\fcl\inc\streamex.pp"/>
        <TopLine Value="1"/>
        <UnitName Value="streamex"/>
        <UsageCount Value="7"/>
      </Unit42>
      <Unit43>
        <CursorPos X="75" Y="18"/>
        <Filename Value="E:\cvs_local\fpc\fcl\Makefile.fpc"/>
        <SyntaxHighlighter Value="None"/>
        <TopLine Value="9"/>
        <UsageCount Value="7"/>
      </Unit43>
      <Unit44>
        <CursorPos X="6" Y="16"/>
        <Filename Value="E:\cvs_local\fpc\fcl\inc\streamio.pp"/>
        <TopLine Value="5"/>
        <UnitName Value="StreamIO"/>
        <UsageCount Value="7"/>
      </Unit44>
      <Unit45>
        <CursorPos X="63" Y="100"/>
        <Filename Value="E:\z\svifpc\io\source\core\InstantUtils.pas"/>
        <TopLine Value="85"/>
        <UnitName Value="InstantUtils"/>
        <UsageCount Value="7"/>
      </Unit45>
      <Unit46>
        <CursorPos X="16" Y="20"/>
        <Filename Value="D:\fpc_uberto\lazarus\lcl\Graphics.pp"/>
        <TopLine Value="17"/>
        <UnitName Value="Graphics"/>
        <UsageCount Value="7"/>
      </Unit46>
      <Unit47>
        <CursorPos X="3" Y="17"/>
        <Filename Value="D:\fpc_uberto\fpc\fcl\fpcunit\UbMockObject.pas"/>
        <TopLine Value="25"/>
        <UnitName Value="UbMockObject"/>
        <UsageCount Value="7"/>
      </Unit47>
      <Unit48>
        <CursorPos X="5" Y="2443"/>
        <Filename Value="D:\fpc_uberto\io\source\core\InstantPersistence.pas"/>
        <TopLine Value="2438"/>
        <UnitName Value="InstantPersistence"/>
        <UsageCount Value="7"/>
      </Unit48>
      <Unit49>
        <CursorPos X="11" Y="45"/>
        <Filename Value="D:\fpc_uberto\io\source\core\InstantRtti.pas"/>
        <TopLine Value="33"/>
        <UnitName Value="InstantRtti"/>
        <UsageCount Value="7"/>
      </Unit49>
      <Unit50>
        <CursorPos X="1" Y="1"/>
        <Filename Value="D:\seleqt\instantobjects1.7\source\core\InstantFpcUtils.pas"/>
        <TopLine Value="1"/>
        <UnitName Value="InstantFpcUtils"/>
        <UsageCount Value="12"/>
      </Unit50>
      <Unit51>
        <CursorPos X="1" Y="421"/>
        <Filename Value="D:\SELEQT\InstantObjects1.7\Source\core\InstantUtils.pas"/>
        <TopLine Value="411"/>
        <UnitName Value="InstantUtils"/>
        <UsageCount Value="15"/>
      </Unit51>
      <Unit52>
        <CursorPos X="1" Y="1"/>
        <Filename Value="D:\seleqt\instantobjects1.7\source\core\InstantDefines.inc"/>
        <TopLine Value="1"/>
        <UsageCount Value="7"/>
      </Unit52>
      <Unit53>
        <CursorPos X="11" Y="26"/>
        <Filename Value="D:\fpc_uberto\fpc\packages\extra\winunits\activex.pp"/>
        <TopLine Value="16"/>
        <UnitName Value="ActiveX"/>
        <UsageCount Value="7"/>
      </Unit53>
      <Unit54>
        <CursorPos X="30" Y="310"/>
        <Filename Value="C:\PROGRAMMI\BORLAND\DELPHI7\SOURCE\Rtl\Common\ComObj.pas"/>
        <TopLine Value="298"/>
        <UnitName Value="ComObj"/>
        <UsageCount Value="7"/>
      </Unit54>
      <Unit55>
        <CursorPos X="21" Y="98"/>
        <Filename Value="D:\fpc_uberto\fpc\packages\extra\winunits\objbase.inc"/>
        <TopLine Value="8"/>
        <UsageCount Value="7"/>
      </Unit55>
      <Unit56>
        <CursorPos X="12" Y="11"/>
        <Filename Value="D:\fpc_uberto\fpc\rtl\win32\windows.pp"/>
        <TopLine Value="1"/>
        <UnitName Value="windows"/>
        <UsageCount Value="7"/>
      </Unit56>
      <Unit57>
        <CursorPos X="5" Y="6"/>
        <Filename Value="D:\fpc_uberto\fpc\rtl\win32\wininc\base.inc"/>
        <TopLine Value="42"/>
        <UsageCount Value="7"/>
      </Unit57>
      <Unit58>
        <CursorPos X="1" Y="15507"/>
        <Filename Value="C:\PROGRAMMI\BORLAND\DELPHI7\SOURCE\Indy\winerror.pas"/>
        <TopLine Value="15568"/>
        <UnitName Value="winerror"/>
        <UsageCount Value="7"/>
      </Unit58>
      <Unit59>
        <CursorPos X="1" Y="1"/>
        <Filename Value="C:\PROGRAMMI\BORLAND\DELPHI7\SOURCE\Rtl\Win\Ole2.pas"/>
        <TopLine Value="1"/>
        <UnitName Value="Ole2"/>
        <UsageCount Value="7"/>
      </Unit59>
      <Unit60>
        <CursorPos X="1" Y="1598"/>
        <Filename Value="D:\SELEQT\InstantObjects1.7\Source\core\InstantClasses.pas"/>
        <TopLine Value="1576"/>
        <UnitName Value="InstantClasses"/>
        <UsageCount Value="14"/>
      </Unit60>
      <Unit61>
        <CursorPos X="1" Y="10063"/>
        <EditorIndex Value="2"/>
        <Filename Value="D:\SELEQT\InstantObjects1.7\Source\core\InstantPersistence.pas"/>
        <Loaded Value="True"/>
        <TopLine Value="10041"/>
        <UnitName Value="InstantPersistence"/>
        <UsageCount Value="12"/>
        <Bookmarks Count="1">
          <Item0 X="1" Y="14778" ID="2"/>
        </Bookmarks>
      </Unit61>
      <Unit62>
        <CursorPos X="47" Y="407"/>
        <EditorIndex Value="6"/>
        <Filename Value="D:\SELEQT\InstantObjects1.7\Source\core\InstantPresentation.pas"/>
        <Loaded Value="True"/>
        <TopLine Value="384"/>
        <UnitName Value="InstantPresentation"/>
        <UsageCount Value="10"/>
        <Bookmarks Count="1">
          <Item0 X="1" Y="441" ID="1"/>
        </Bookmarks>
      </Unit62>
      <Unit63>
        <CursorPos X="4" Y="9"/>
        <Filename Value="D:\fpc_uberto\fpc\rtl\objpas\typinfo.pp"/>
        <TopLine Value="1"/>
        <UnitName Value="typinfo"/>
        <UsageCount Value="10"/>
      </Unit63>
      <Unit64>
        <CursorPos X="1" Y="129"/>
        <Filename Value="D:\FPC_UBERTO\FPC\RTL\morphos\execf.inc"/>
        <TopLine Value="121"/>
        <UsageCount Value="7"/>
      </Unit64>
      <Unit65>
        <CursorPos X="12" Y="157"/>
        <Filename Value="D:\FPC_UBERTO\FPC\RTL\objpas\sysutils\dati.inc"/>
        <TopLine Value="57"/>
        <UsageCount Value="7"/>
      </Unit65>
      <Unit66>
        <CursorPos X="15" Y="2394"/>
        <Filename Value="D:\FPC_UBERTO\FPC\FCL\db\dbase\dbf.pas"/>
        <TopLine Value="2386"/>
        <UnitName Value="dbf"/>
        <UsageCount Value="7"/>
      </Unit66>
      <Unit67>
        <CursorPos X="9" Y="40"/>
        <Filename Value="D:\fpc_uberto\fpc\rtl\win32\sysutils.pp"/>
        <TopLine Value="35"/>
        <UnitName Value="sysutils"/>
        <UsageCount Value="7"/>
      </Unit67>
      <Unit68>
        <CursorPos X="11" Y="145"/>
        <Filename Value="D:\fpc_uberto\fpc\rtl\objpas\sysutils\sysutilh.inc"/>
        <TopLine Value="129"/>
        <UsageCount Value="7"/>
      </Unit68>
      <Unit69>
        <CursorPos X="15" Y="307"/>
        <Filename Value="D:\FPC_UBERTO\FPC\FCL\db\dbase\Dbf_DbfFile.pas"/>
        <TopLine Value="299"/>
        <UnitName Value="dbf_dbffile"/>
        <UsageCount Value="7"/>
      </Unit69>
      <Unit70>
        <CursorPos X="17" Y="824"/>
        <Filename Value="D:\FPC_UBERTO\FPC\FCL\db\sqlite\sqliteds.pas"/>
        <TopLine Value="816"/>
        <UnitName Value="sqliteds"/>
        <UsageCount Value="7"/>
      </Unit70>
      <Unit71>
        <CursorPos X="41" Y="361"/>
        <Filename Value="D:\FPC_UBERTO\FPC\compiler\ncginl.pas"/>
        <TopLine Value="378"/>
        <UnitName Value="ncginl"/>
        <UsageCount Value="7"/>
      </Unit71>
      <Unit72>
        <CursorPos X="7" Y="37"/>
        <Filename Value="D:\FPC_UBERTO\FPC\compiler\rgobj.pas"/>
        <TopLine Value="31"/>
        <UnitName Value="rgobj"/>
        <UsageCount Value="7"/>
      </Unit72>
      <Unit73>
        <CursorPos X="1" Y="1592"/>
        <Filename Value="D:\fpc_uberto\fpc\fcl\db\db.pp"/>
        <TopLine Value="1583"/>
        <UnitName Value="db"/>
        <UsageCount Value="10"/>
        <Bookmarks Count="1">
          <Item0 X="1" Y="1586" ID="1"/>
        </Bookmarks>
      </Unit73>
      <Unit74>
        <CursorPos X="1" Y="1"/>
        <Filename Value="D:\SELEQT\InstantObjects1.7\Source\core\InstantTextFiler.pas"/>
        <TopLine Value="1"/>
        <UnitName Value="InstantTextFiler"/>
        <UsageCount Value="11"/>
      </Unit74>
      <Unit75>
        <CursorPos X="49" Y="4"/>
        <Filename Value="D:\seleqt\instantobjects1.7\source\core\InstantCode.pas"/>
        <TopLine Value="1"/>
        <UnitName Value="InstantCode"/>
        <UsageCount Value="11"/>
      </Unit75>
      <Unit76>
        <CursorPos X="3" Y="166"/>
        <Filename Value="D:\fpc_uberto\fpc\rtl\objpas\classes\classesh.inc"/>
        <TopLine Value="158"/>
        <UsageCount Value="10"/>
      </Unit76>
      <Unit77>
        <CursorPos X="27" Y="370"/>
        <Filename Value="D:\fpc_uberto\fpc\fcl\db\fields.inc"/>
        <TopLine Value="362"/>
        <UsageCount Value="9"/>
      </Unit77>
      <Unit78>
        <CursorPos X="1" Y="357"/>
        <Filename Value="D:\fpc_uberto\fpc\fcl\fpcunit\fpcunit.pp"/>
        <TopLine Value="349"/>
        <UnitName Value="fpcunit"/>
        <UsageCount Value="9"/>
      </Unit78>
      <Unit79>
        <CursorPos X="1" Y="1"/>
        <Filename Value="D:\seleqt\instantobjects1.7\source\core\InstantRtti.pas"/>
        <TopLine Value="1"/>
        <UnitName Value="InstantRtti"/>
        <UsageCount Value="9"/>
      </Unit79>
      <Unit80>
        <CursorPos X="1" Y="1"/>
        <EditorIndex Value="1"/>
        <Filename Value="TestModelDb.pas"/>
        <Loaded Value="True"/>
        <TopLine Value="1"/>
        <UnitName Value="TestModelDb"/>
        <UsageCount Value="24"/>
      </Unit80>
      <Unit81>
        <CursorPos X="76" Y="47"/>
        <Filename Value="D:\seleqt\instantobjects1.7\source\brokers\uib\InstantUIBConnection.pas"/>
        <TopLine Value="66"/>
        <UnitName Value="InstantUIBConnection"/>
        <UsageCount Value="8"/>
      </Unit81>
      <Unit82>
        <CursorPos X="1" Y="538"/>
        <EditorIndex Value="4"/>
        <Filename Value="D:\SELEQT\InstantObjects1.7\source\brokers\uib\InstantUIB.pas"/>
        <Loaded Value="True"/>
        <TopLine Value="516"/>
        <UnitName Value="InstantUIB"/>
        <UsageCount Value="10"/>
      </Unit82>
      <Unit83>
        <CursorPos X="3" Y="47"/>
        <Filename Value="D:\fpc_uberto\fpc\fcl\db\database.inc"/>
        <TopLine Value="50"/>
        <UsageCount Value="7"/>
      </Unit83>
      <Unit84>
        <CursorPos X="6" Y="25"/>
        <Filename Value="D:\seleqt\instantobjects1.7\source\brokers\uib\InstantUIBConnectionDefEdit.pas"/>
        <TopLine Value="67"/>
        <UnitName Value="InstantUIBConnectionDefEdit"/>
        <UsageCount Value="7"/>
      </Unit84>
      <Unit85>
        <CursorPos X="1" Y="968"/>
        <Filename Value="D:\CB\UIB2\source\jvuiblib.pas"/>
        <TopLine Value="946"/>
        <UnitName Value="jvuiblib"/>
        <UsageCount Value="10"/>
      </Unit85>
      <Unit86>
        <CursorPos X="1" Y="323"/>
        <Filename Value="D:\SELEQT\INSTANTOBJECTS1.7\Source\Brokers\NexusDb\InstantNexusDb.pas"/>
        <TopLine Value="316"/>
        <UnitName Value="InstantNexusDb"/>
        <UsageCount Value="7"/>
      </Unit86>
      <Unit87>
        <CursorPos X="25" Y="410"/>
        <Filename Value="D:\fpc_uberto\fpc\fcl\db\dsparams.inc"/>
        <TopLine Value="403"/>
        <UsageCount Value="7"/>
      </Unit87>
      <Unit88>
        <CursorPos X="9" Y="315"/>
        <Filename Value="E:\z\IO_20050415\Source\Core\InstantRtti.pas"/>
        <TopLine Value="304"/>
        <UnitName Value="InstantRtti"/>
        <UsageCount Value="18"/>
      </Unit88>
      <Unit89>
        <CursorPos X="9" Y="1817"/>
        <Filename Value="E:\z\IO_20050415\source\core\InstantClasses.pas"/>
        <TopLine Value="1806"/>
        <UnitName Value="InstantClasses"/>
        <UsageCount Value="21"/>
      </Unit89>
      <Unit90>
        <CursorPos X="9" Y="98"/>
        <Filename Value="E:\z\IO_20050415\source\core\InstantUtils.pas"/>
        <TopLine Value="87"/>
        <UnitName Value="InstantUtils"/>
        <UsageCount Value="19"/>
      </Unit90>
      <Unit91>
        <CursorPos X="10" Y="14931"/>
        <Filename Value="E:\z\IO_20050415\Source\Core\InstantPersistence.pas"/>
        <TopLine Value="14920"/>
        <UnitName Value="InstantPersistence"/>
        <UsageCount Value="21"/>
        <Bookmarks Count="1">
          <Item0 X="6" Y="1208" ID="2"/>
        </Bookmarks>
      </Unit91>
      <Unit92>
        <CursorPos X="73" Y="125"/>
        <Filename Value="E:\cvs_local\fpc\rtl\inc\objpash.inc"/>
        <TopLine Value="120"/>
        <UsageCount Value="10"/>
      </Unit92>
      <Unit93>
        <CursorPos X="88" Y="19"/>
        <Filename Value="E:\z\SviDel\uib2\source\jvuib.pas"/>
        <TopLine Value="200"/>
        <UnitName Value="jvuib"/>
        <UsageCount Value="10"/>
      </Unit93>
      <Unit94>
        <CursorPos X="53" Y="47"/>
        <Filename Value="E:\z\IO_20050415\source\brokers\uib\InstantUIB.pas"/>
        <TopLine Value="36"/>
        <UnitName Value="InstantUIB"/>
        <UsageCount Value="16"/>
      </Unit94>
      <Unit95>
        <CursorPos X="18" Y="38"/>
        <Filename Value="E:\z\IO_20050415\Source\Brokers\UIB\InstantUIBConnection.pas"/>
        <TopLine Value="74"/>
        <UnitName Value="InstantUIBConnection"/>
        <UsageCount Value="17"/>
      </Unit95>
      <Unit96>
        <CursorPos X="3" Y="48"/>
        <Filename Value="E:\z\IO_20050415\source\core\InstantCommand.pas"/>
        <TopLine Value="37"/>
        <UnitName Value="InstantCommand"/>
        <UsageCount Value="10"/>
      </Unit96>
      <Unit97>
        <CursorPos X="72" Y="4"/>
        <Filename Value="E:\cvs_local\fpc\fcl\fpcunit\testregistry.pp"/>
        <TopLine Value="1"/>
        <UnitName Value="testregistry"/>
        <UsageCount Value="9"/>
      </Unit97>
      <Unit98>
        <CursorPos X="1" Y="50"/>
        <Filename Value="TestMinimalModelDb.pas"/>
        <TopLine Value="29"/>
        <UnitName Value="TestMinimalModelDb"/>
        <UsageCount Value="12"/>
      </Unit98>
      <Unit99>
        <CursorPos X="17" Y="7"/>
        <Filename Value="E:\z\IO_20050415\Source\Core\InstantFpcUtils.pas"/>
        <TopLine Value="1"/>
        <UnitName Value="InstantFpcUtils"/>
        <UsageCount Value="11"/>
      </Unit99>
      <Unit100>
        <CursorPos X="3" Y="147"/>
        <Filename Value="E:\cvs_local\fpc\fcl\db\db.pp"/>
        <TopLine Value="159"/>
        <UnitName Value="db"/>
        <UsageCount Value="11"/>
      </Unit100>
      <Unit101>
        <CursorPos X="37" Y="7180"/>
        <Filename Value="E:\z\IO_20050415\Source\Core\InstantCode.pas"/>
        <TopLine Value="7169"/>
        <UnitName Value="InstantCode"/>
        <UsageCount Value="11"/>
      </Unit101>
      <Unit102>
        <CursorPos X="10" Y="162"/>
        <Filename Value="E:\cvs_local\fpc\rtl\objpas\sysutils\sysstrh.inc"/>
        <TopLine Value="151"/>
        <UsageCount Value="11"/>
      </Unit102>
      <Unit103>
        <CursorPos X="3" Y="643"/>
        <Filename Value="E:\cvs_local\fpc\fcl\db\fields.inc"/>
        <TopLine Value="640"/>
        <UsageCount Value="10"/>
      </Unit103>
      <Unit104>
        <CursorPos X="60" Y="7"/>
        <Filename Value="E:\cvs_local\fpc\fcl\db\database.inc"/>
        <TopLine Value="1"/>
        <UsageCount Value="10"/>
      </Unit104>
      <Unit105>
        <CursorPos X="15" Y="22"/>
        <Filename Value="E:\z\IO_20050415\Source\maskutils.pp"/>
        <TopLine Value="1"/>
        <UnitName Value="MaskUtils"/>
        <UsageCount Value="9"/>
      </Unit105>
      <Unit106>
        <CursorPos X="3" Y="34"/>
        <Filename Value="E:\z\IO_20050415\source\core\MaskUtils.pp"/>
        <TopLine Value="404"/>
        <UnitName Value="MaskUtils"/>
        <UsageCount Value="15"/>
      </Unit106>
      <Unit107>
        <CursorPos X="1" Y="66"/>
        <Filename Value="E:\cvs_local\lazarus\lcl\MaskEdit.pp"/>
        <TopLine Value="193"/>
        <UnitName Value="MaskEdit"/>
        <UsageCount Value="15"/>
      </Unit107>
      <Unit108>
        <CursorPos X="9" Y="28"/>
        <Filename Value="E:\z\IO_20050415\source\core\InstantDefines.inc"/>
        <TopLine Value="17"/>
        <UsageCount Value="15"/>
      </Unit108>
      <Unit109>
        <CursorPos X="1" Y="50"/>
        <Filename Value="testcontactdb.pas"/>
        <TopLine Value="1"/>
        <UnitName Value="TestContactDb"/>
        <UsageCount Value="16"/>
      </Unit109>
      <Unit110>
        <CursorPos X="2" Y="168"/>
        <Filename Value="ttestminimalmodel.pas"/>
        <TopLine Value="141"/>
        <UnitName Value="TTestMinimalModel"/>
        <UsageCount Value="15"/>
      </Unit110>
      <Unit111>
        <CursorPos X="34" Y="163"/>
        <Filename Value="TestSimpleModel.pas"/>
        <TopLine Value="90"/>
        <UnitName Value="TestSimpleModel"/>
        <UsageCount Value="15"/>
      </Unit111>
      <Unit112>
        <CursorPos X="18" Y="223"/>
        <Filename Value="E:\cvs_local\fpc\rtl\objpas\rtlconst.inc"/>
        <TopLine Value="212"/>
        <UsageCount Value="9"/>
      </Unit112>
      <Unit113>
        <CursorPos X="14" Y="681"/>
        <Filename Value="E:\cvs_local\fpc\fcl\classes\classesh.inc"/>
        <TopLine Value="670"/>
        <UsageCount Value="9"/>
      </Unit113>
      <Unit114>
        <CursorPos X="41" Y="21"/>
        <Filename Value="E:\cvs_local\fpc\packages\extra\winunits\jwawinerror.pas"/>
        <TopLine Value="19"/>
        <UnitName Value="JwaWinError"/>
        <UsageCount Value="9"/>
      </Unit114>
      <Unit115>
        <CursorPos X="18" Y="82"/>
        <Filename Value="E:\cvs_local\fpc\fcl\db\interbase\interbase.pp"/>
        <TopLine Value="78"/>
        <UnitName Value="Interbase"/>
        <UsageCount Value="9"/>
      </Unit115>
      <Unit116>
        <CursorPos X="16" Y="111"/>
        <Filename Value="E:\cvs_local\fpc\fcl\db\sqldb\sqldb.pp"/>
        <TopLine Value="108"/>
        <UnitName Value="sqldb"/>
        <UsageCount Value="9"/>
      </Unit116>
      <Unit117>
        <CursorPos X="15" Y="88"/>
        <Filename Value="E:\cvs_local\fpc\fcl\db\sqldb\interbase\ibconnection.pp"/>
        <TopLine Value="85"/>
        <UnitName Value="IBConnection"/>
        <UsageCount Value="9"/>
      </Unit117>
      <Unit118>
        <CursorPos X="29" Y="78"/>
        <Filename Value="E:\cvs_local\fpc\fcl\db\sqldb\mysql\mysql4conn.pas"/>
        <TopLine Value="72"/>
        <UnitName Value="mysql4conn"/>
        <UsageCount Value="9"/>
      </Unit118>
      <Unit119>
        <CursorPos X="27" Y="4"/>
        <Filename Value="E:\cvs_local\fpc\fcl\db\sqldb\postgres\pqconnection.pp"/>
        <TopLine Value="1"/>
        <UnitName Value="pqconnection"/>
        <UsageCount Value="9"/>
      </Unit119>
      <Unit120>
        <CursorPos X="1" Y="1820"/>
        <Filename Value="D:\lazarus\fpcsrc\rtl\inc\variants.pp"/>
        <TopLine Value="1798"/>
        <UnitName Value="variants"/>
        <UsageCount Value="10"/>
      </Unit120>
      <Unit121>
        <CursorPos X="83" Y="398"/>
        <Filename Value="D:\lazarus\fpcsrc\fcl\db\dsparams.inc"/>
        <TopLine Value="393"/>
        <UsageCount Value="10"/>
      </Unit121>
      <Unit122>
        <CursorPos X="1" Y="69"/>
        <Filename Value="D:\lazarus\components\fpcunit\ubmock\src\MaskUtils.pp"/>
        <TopLine Value="47"/>
        <UnitName Value="MaskUtils"/>
        <UsageCount Value="10"/>
      </Unit122>
      <Unit123>
        <CursorPos X="23" Y="36"/>
        <EditorIndex Value="5"/>
        <Filename Value="D:\SELEQT\InstantObjects1.7\source\brokers\xml\InstantXML.pas"/>
        <Loaded Value="True"/>
        <TopLine Value="18"/>
        <UnitName Value="InstantXML"/>
        <UsageCount Value="13"/>
      </Unit123>
      <Unit124>
        <CursorPos X="1" Y="1"/>
        <Filename Value="D:\lazarus\fpcsrc\fcl\db\db.pp"/>
        <TopLine Value="1"/>
        <UnitName Value="db"/>
        <UsageCount Value="10"/>
      </Unit124>
      <Unit125>
        <CursorPos X="1" Y="1"/>
        <Filename Value="D:\lazarus\fpcsrc\fcl\db\Dataset.txt"/>
        <SyntaxHighlighter Value="None"/>
        <TopLine Value="1"/>
        <UsageCount Value="10"/>
      </Unit125>
      <Unit126>
        <CursorPos X="1" Y="357"/>
        <EditorIndex Value="3"/>
        <Filename Value="D:\lazarus\fpcsrc\fcl\fpcunit\fpcunit.pp"/>
        <Loaded Value="True"/>
        <TopLine Value="335"/>
        <UnitName Value="fpcunit"/>
        <UsageCount Value="10"/>
      </Unit126>
    </Units>
    <PublishOptions>
      <Version Value="2"/>
      <IgnoreBinaries Value="False"/>
      <IncludeFileFilter Value="*.(pas|pp|inc|lfm|lpr|lrs|lpi|lpk|sh|xml)"/>
      <ExcludeFileFilter Value="*.(bak|ppu|ppw|o|so);*~;backup"/>
    </PublishOptions>
    <RunParams>
      <local>
        <FormatVersion Value="1"/>
        <LaunchingApplication PathPlusParams="/usr/X11R6/bin/xterm -T 'Lazarus Run Output' -e $(LazarusDir)/tools/runwait.sh $(TargetCmdLine)"/>
      </local>
    </RunParams>
    <RequiredPackages Count="1">
      <Item1>
        <PackageName Value="LCL"/>
      </Item1>
    </RequiredPackages>
  </ProjectOptions>
  <CompilerOptions>
    <Version Value="5"/>
    <PathDelim Value="\"/>
    <SearchPaths>
      <OtherUnitFiles Value="$(LazarusDir)\components\fpcunit\;$(LazarusDir)\fpcsrc\fcl\fpcunit\;$(LazarusDir)\components\fpcunit\ubmock\src\;D:\SELEQT\InstantObjects1.7\Source\core\;D:\SELEQT\InstantObjects1.7\source\brokers\uib\;D:\SELEQT\InstantObjects1.7\source\brokers\xml\;D:\CB\UIB2\source\"/>
      <SrcPath Value="$(LazarusDir)\lcl\;$(LazarusDir)\lcl\interfaces\$(LCLWidgetType)\"/>
    </SearchPaths>
    <Parsing>
      <SyntaxOptions>
        <DelphiCompat Value="True"/>
        <UseAnsiStrings Value="True"/>
      </SyntaxOptions>
    </Parsing>
    <CodeGeneration>
      <Generate Value="Faster"/>
    </CodeGeneration>
    <Linking>
      <Debugging>
        <GenerateDebugInfo Value="True"/>
      </Debugging>
    </Linking>
    <Other>
      <CompilerPath Value="$(CompPath)"/>
    </Other>
  </CompilerOptions>
  <Debugging>
    <BreakPoints Count="2">
      <Item1>
        <Source Value="testcontactdb.pas"/>
        <Line Value="50"/>
      </Item1>
      <Item2>
        <Source Value="TestModelDb.pas"/>
        <Line Value="212"/>
      </Item2>
    </BreakPoints>
    <Watches Count="2">
      <Item1>
        <Expression Value="Command"/>
      </Item1>
      <Item2>
        <Expression Value="ClassNameField.value"/>
      </Item2>
    </Watches>
    <Exceptions Count="3">
      <Item1>
        <Name Value="ECodetoolError"/>
      </Item1>
      <Item2>
        <Name Value="EFOpenError"/>
      </Item2>
      <Item3>
        <Name Value="EVariantTypeCastError"/>
      </Item3>
    </Exceptions>
  </Debugging>
</CONFIG>
