<?xml version="1.0" encoding="utf-8"?>
<Project xmlns="http://schemas.microsoft.com/developer/msbuild/2003">
  <PropertyGroup>
    <ProjectGuid>{d197a2d4-31b9-43b1-8070-3f804d86e53f}</ProjectGuid>
    <MainSource>Primer.dpr</MainSource>
    <Configuration Condition=" '$(Configuration)' == '' ">Debug</Configuration>
    <Platform Condition=" '$(Platform)' == '' ">AnyCPU</Platform>
    <DCC_DCCCompiler>DCC32</DCC_DCCCompiler>
    <DCC_DependencyCheckOutputName>Primer.exe</DCC_DependencyCheckOutputName>
  </PropertyGroup>
  <PropertyGroup Condition=" '$(Configuration)|$(Platform)' == 'Release|AnyCPU' ">
    <Version>7.0</Version>
    <DCC_DebugInformation>False</DCC_DebugInformation>
    <DCC_LocalDebugSymbols>False</DCC_LocalDebugSymbols>
    <DCC_SymbolReferenceInfo>0</DCC_SymbolReferenceInfo>
    <DCC_Define>RELEASE</DCC_Define>
    <DCC_UnitSearchPath>..\..\Source\Core;..\..\Source\Brokers\ADO;..\..\Source\Brokers\BDE;..\..\Source\Brokers\DBX;..\..\Source\Brokers\IBX;..\..\Source\Brokers\XML;..\..\Source\Catalogs\IBFb;..\..\Source\Catalogs\MSSql;..\..\Source\Catalogs\MySql</DCC_UnitSearchPath>
    <DCC_ResourcePath>..\..\Source\Core;..\..\Source\Brokers\ADO;..\..\Source\Brokers\BDE;..\..\Source\Brokers\DBX;..\..\Source\Brokers\IBX;..\..\Source\Brokers\XML;..\..\Source\Catalogs\IBFb;..\..\Source\Catalogs\MSSql;..\..\Source\Catalogs\MySql</DCC_ResourcePath>
    <DCC_ObjPath>..\..\Source\Core;..\..\Source\Brokers\ADO;..\..\Source\Brokers\BDE;..\..\Source\Brokers\DBX;..\..\Source\Brokers\IBX;..\..\Source\Brokers\XML;..\..\Source\Catalogs\IBFb;..\..\Source\Catalogs\MSSql;..\..\Source\Catalogs\MySql</DCC_ObjPath>
    <DCC_IncludePath>..\..\Source\Core;..\..\Source\Brokers\ADO;..\..\Source\Brokers\BDE;..\..\Source\Brokers\DBX;..\..\Source\Brokers\IBX;..\..\Source\Brokers\XML;..\..\Source\Catalogs\IBFb;..\..\Source\Catalogs\MSSql;..\..\Source\Catalogs\MySql</DCC_IncludePath>
  </PropertyGroup>
  <PropertyGroup Condition=" '$(Configuration)|$(Platform)' == 'Debug|AnyCPU' ">
    <Version>7.0</Version>
    <DCC_Define>DEBUG;IO_STATEMENT_LOGGING</DCC_Define>
    <DCC_UnitSearchPath>..\..\Source\Core;..\..\Source\Brokers\ADO;..\..\Source\Brokers\BDE;..\..\Source\Brokers\DBX;..\..\Source\Brokers\IBX;..\..\Source\Brokers\XML;..\..\Source\Catalogs\IBFb;..\..\Source\Catalogs\MSSql;..\..\Source\Catalogs\MySql</DCC_UnitSearchPath>
    <DCC_ResourcePath>..\..\Source\Core;..\..\Source\Brokers\ADO;..\..\Source\Brokers\BDE;..\..\Source\Brokers\DBX;..\..\Source\Brokers\IBX;..\..\Source\Brokers\XML;..\..\Source\Catalogs\IBFb;..\..\Source\Catalogs\MSSql;..\..\Source\Catalogs\MySql</DCC_ResourcePath>
    <DCC_ObjPath>..\..\Source\Core;..\..\Source\Brokers\ADO;..\..\Source\Brokers\BDE;..\..\Source\Brokers\DBX;..\..\Source\Brokers\IBX;..\..\Source\Brokers\XML;..\..\Source\Catalogs\IBFb;..\..\Source\Catalogs\MSSql;..\..\Source\Catalogs\MySql</DCC_ObjPath>
    <DCC_IncludePath>..\..\Source\Core;..\..\Source\Brokers\ADO;..\..\Source\Brokers\BDE;..\..\Source\Brokers\DBX;..\..\Source\Brokers\IBX;..\..\Source\Brokers\XML;..\..\Source\Catalogs\IBFb;..\..\Source\Catalogs\MSSql;..\..\Source\Catalogs\MySql</DCC_IncludePath>
  </PropertyGroup>
  <ProjectExtensions>
    <Borland.Personality>Delphi.Personality</Borland.Personality>
    <Borland.ProjectType>VCLApplication</Borland.ProjectType>
    <BorlandProject>
<BorlandProject><Delphi.Personality><Parameters><Parameters Name="UseLauncher">False</Parameters><Parameters Name="LoadAllSymbols">True</Parameters><Parameters Name="LoadUnspecifiedSymbols">False</Parameters></Parameters><VersionInfo><VersionInfo Name="IncludeVerInfo">True</VersionInfo><VersionInfo Name="AutoIncBuild">False</VersionInfo><VersionInfo Name="MajorVer">2</VersionInfo><VersionInfo Name="MinorVer">0</VersionInfo><VersionInfo Name="Release">0</VersionInfo><VersionInfo Name="Build">0</VersionInfo><VersionInfo Name="Debug">False</VersionInfo><VersionInfo Name="PreRelease">False</VersionInfo><VersionInfo Name="Special">False</VersionInfo><VersionInfo Name="Private">False</VersionInfo><VersionInfo Name="DLL">False</VersionInfo><VersionInfo Name="Locale">1030</VersionInfo><VersionInfo Name="CodePage">1252</VersionInfo></VersionInfo><VersionInfoKeys><VersionInfoKeys Name="CompanyName">InstantObjects.org</VersionInfoKeys><VersionInfoKeys Name="FileDescription">Primer Demo</VersionInfoKeys><VersionInfoKeys Name="FileVersion">2.0.0.0</VersionInfoKeys><VersionInfoKeys Name="InternalName"></VersionInfoKeys><VersionInfoKeys Name="LegalCopyright">MPL public license</VersionInfoKeys><VersionInfoKeys Name="LegalTrademarks"></VersionInfoKeys><VersionInfoKeys Name="OriginalFilename"></VersionInfoKeys><VersionInfoKeys Name="ProductName"></VersionInfoKeys><VersionInfoKeys Name="ProductVersion">2.0</VersionInfoKeys><VersionInfoKeys Name="Comments"></VersionInfoKeys></VersionInfoKeys><Source><Source Name="MainSource">Primer.dpr</Source></Source></Delphi.Personality>  <ModelSupport>False</ModelSupport>
</BorlandProject></BorlandProject>
  </ProjectExtensions>
  <Import Project="$(MSBuildBinPath)\Borland.Delphi.Targets" />
  <ItemGroup>
    <DelphiCompile Include="Primer.dpr">
      <MainSource>MainSource</MainSource>
    </DelphiCompile>
    <DCCReference Include="BasicBrowse.pas">
      <Form>BasicBrowseForm</Form>
    </DCCReference>
    <DCCReference Include="BasicEdit.pas">
      <Form>BasicEditForm</Form>
    </DCCReference>
    <DCCReference Include="BasicView.pas">
      <Form>BasicViewForm</Form>
      <DesignClass>TFrame</DesignClass>
    </DCCReference>
    <DCCReference Include="CategoryBrowse.pas">
      <Form>CategoryBrowseForm</Form>
    </DCCReference>
    <DCCReference Include="CompanyBrowse.pas">
      <Form>CompanyBrowseForm</Form>
    </DCCReference>
    <DCCReference Include="CompanyEdit.pas">
      <Form>CompanyEditForm</Form>
    </DCCReference>
    <DCCReference Include="ContactBrowse.pas">
      <Form>ContactBrowseForm</Form>
    </DCCReference>
    <DCCReference Include="ContactEdit.pas">
      <Form>ContactEditForm</Form>
    </DCCReference>
    <DCCReference Include="ContactFilterEdit.pas">
      <Form>ContactFilterEditForm</Form>
    </DCCReference>
    <DCCReference Include="ContactSort.pas">
      <Form>ContactSortForm</Form>
    </DCCReference>
    <DCCReference Include="ContactView.pas">
      <Form>ContactViewForm</Form>
      <DesignClass>TFrame</DesignClass>
    </DCCReference>
    <DCCReference Include="CountryBrowse.pas">
      <Form>CountryBrowseForm</Form>
    </DCCReference>
    <DCCReference Include="DemoData.pas" />
    <DCCReference Include="DemoDataRequest.pas">
      <Form>DemoDataRequestForm</Form>
    </DCCReference>
    <DCCReference Include="HelpView.pas">
      <Form>HelpViewForm</Form>
      <DesignClass>TFrame</DesignClass>
    </DCCReference>
    <DCCReference Include="Main.pas">
      <Form>MainForm</Form>
    </DCCReference>
    <DCCReference Include="MainData.pas">
      <Form>MainDataModule</Form>
      <DesignClass>TDataModule</DesignClass>
    </DCCReference>
    <DCCReference Include="Model\Model.pas" />
    <DCCReference Include="PerformanceView.pas">
      <Form>PerformanceViewForm</Form>
      <DesignClass>TFrame</DesignClass>
    </DCCReference>
    <DCCReference Include="PersonBrowse.pas">
      <Form>PersonBrowseForm</Form>
    </DCCReference>
    <DCCReference Include="PersonEdit.pas">
      <Form>PersonEditForm</Form>
    </DCCReference>
    <DCCReference Include="QueryView.pas">
      <Form>QueryViewForm</Form>
      <DesignClass>TFrame</DesignClass>
    </DCCReference>
    <DCCReference Include="RandomData.pas" />
    <DCCReference Include="Stopwatch.pas" />
    <DCCReference Include="Utility.pas" />
    <DCCReference Include="Welcome.pas">
      <Form>WelcomeForm</Form>
    </DCCReference>
  </ItemGroup>
</Project>