	<Project xmlns="http://schemas.microsoft.com/developer/msbuild/2003">
		<PropertyGroup>
			<ProjectGuid>{82e2f82a-6598-4acf-bbca-e2315e5938f6}</ProjectGuid>
			<MainSource>IOCore.dpk</MainSource>
			<Configuration Condition=" '$(Configuration)' == '' ">Debug</Configuration>
			<Platform Condition=" '$(Platform)' == '' ">AnyCPU</Platform>
			<DCC_DCCCompiler>DCC32</DCC_DCCCompiler>
			<DCC_DependencyCheckOutputName>..\..\..\..\..\..\..\Documents\RAD Studio\5.0\Bpl\IOCore_D11.bpl</DCC_DependencyCheckOutputName>
			<ProjectVersion>12.0</ProjectVersion>
			<Config Condition="'$(Config)'==''">Debug</Config>
		</PropertyGroup>
		<PropertyGroup Condition="'$(Config)'=='Base' or '$(Base)'!=''">
			<Base>true</Base>
		</PropertyGroup>
		<PropertyGroup Condition="'$(Config)'=='Release' or '$(Cfg_1)'!=''">
			<Cfg_1>true</Cfg_1>
			<CfgParent>Base</CfgParent>
			<Base>true</Base>
		</PropertyGroup>
		<PropertyGroup Condition="'$(Config)'=='Debug' or '$(Cfg_2)'!=''">
			<Cfg_2>true</Cfg_2>
			<CfgParent>Base</CfgParent>
			<Base>true</Base>
		</PropertyGroup>
		<PropertyGroup Condition="'$(Base)'!=''">
			<DCC_DependencyCheckOutputName>C:\Users\Public\Documents\RAD Studio\6.0\Bpl\IOCore_D12.bpl</DCC_DependencyCheckOutputName>
			<DCC_ImageBase>00400000</DCC_ImageBase>
			<RuntimeOnlyPackage>true</RuntimeOnlyPackage>
			<DCC_TypedAtParameter>true</DCC_TypedAtParameter>
			<DCC_Description>InstantObjects Run-Time Package (Delphi 2009)</DCC_Description>
			<DesignOnlyPackage>false</DesignOnlyPackage>
			<DCC_OutputNeverBuildDcps>true</DCC_OutputNeverBuildDcps>
			<GenDll>true</GenDll>
			<GenPackage>true</GenPackage>
			<DllSuffix>_D12</DllSuffix>
			<DCC_SymbolReferenceInfo>1</DCC_SymbolReferenceInfo>
		</PropertyGroup>
		<PropertyGroup Condition="'$(Cfg_1)'!=''">
			<Version>7.0</Version>
			<DCC_DebugInformation>False</DCC_DebugInformation>
			<DCC_LocalDebugSymbols>False</DCC_LocalDebugSymbols>
			<DCC_TypedAtParameter>True</DCC_TypedAtParameter>
			<DCC_SymbolReferenceInfo>0</DCC_SymbolReferenceInfo>
			<DCC_Define>RELEASE;$(DCC_Define)</DCC_Define>
		</PropertyGroup>
		<PropertyGroup Condition="'$(Cfg_2)'!=''">
			<Version>7.0</Version>
			<DCC_TypedAtParameter>True</DCC_TypedAtParameter>
		</PropertyGroup>
		<ItemGroup>
			<DelphiCompile Include="IOCore.dpk">
				<MainSource>MainSource</MainSource>
			</DelphiCompile>
			<DCCReference Include="vcl.dcp"/>
			<DCCReference Include="vcldb.dcp"/>
			<DCCReference Include="rtl.dcp"/>
			<DCCReference Include="..\InstantUtils.pas"/>
			<DCCReference Include="..\InstantClasses.pas"/>
			<DCCReference Include="..\InstantConsts.pas"/>
			<DCCReference Include="..\InstantRtti.pas"/>
			<DCCReference Include="..\InstantCommand.pas"/>
			<DCCReference Include="..\InstantPersistence.pas"/>
			<DCCReference Include="..\InstantExplorer.pas"/>
			<DCCReference Include="..\InstantDesignHook.pas"/>
			<DCCReference Include="..\InstantCode.pas"/>
			<DCCReference Include="..\InstantTextFiler.pas"/>
			<DCCReference Include="..\InstantPresentation.pas"/>
			<DCCReference Include="..\InstantAccessors.pas"/>
			<DCCReference Include="..\InstantConnectionManagerFormUnit.pas">
				<Form>InstantConnectionManagerForm</Form>
			</DCCReference>
			<DCCReference Include="..\InstantConnectionManager.pas"/>
			<DCCReference Include="..\InstantImageUtils.pas"/>
			<DCCReference Include="..\InstantPump.pas"/>
			<DCCReference Include="..\InstantDBBuild.pas"/>
			<DCCReference Include="..\InstantDBEvolution.pas"/>
			<DCCReference Include="..\InstantCustomDBEvolverFormUnit.pas">
				<Form>InstantCustomDBEvolverForm</Form>
			</DCCReference>
			<DCCReference Include="..\InstantDBEvolverFormUnit.pas">
				<Form>InstantDBEvolverForm</Form>
			</DCCReference>
			<DCCReference Include="..\InstantDBBuilderFormUnit.pas">
				<Form>InstantDBBuilderForm</Form>
			</DCCReference>
			<DCCReference Include="..\InstantTypes.pas"/>
			<DCCReference Include="..\InstantBrokers.pas"/>
			<DCCReference Include="..\InstantMetadata.pas"/>
			<DCCReference Include="..\InstantStandardValidators.pas"/>
			<DCCReference Include="..\InstantValidation.pas"/>
			<BuildConfiguration Include="Base">
				<Key>Base</Key>
			</BuildConfiguration>
			<BuildConfiguration Include="Debug">
				<Key>Cfg_2</Key>
				<CfgParent>Base</CfgParent>
			</BuildConfiguration>
			<BuildConfiguration Include="Release">
				<Key>Cfg_1</Key>
				<CfgParent>Base</CfgParent>
			</BuildConfiguration>
		</ItemGroup>
		<Import Project="$(BDS)\Bin\CodeGear.Delphi.Targets" Condition="Exists('$(BDS)\Bin\CodeGear.Delphi.Targets')"/>
		<ProjectExtensions>
			<Borland.Personality>Delphi.Personality.12</Borland.Personality>
			<Borland.ProjectType>Package</Borland.ProjectType>
			<BorlandProject>
				<Delphi.Personality>
					<Compiler>
						<Compiler Name="UsePackages">False</Compiler>
						<Compiler Name="Packages"/>
					</Compiler>
					<Parameters>
						<Parameters Name="UseLauncher">False</Parameters>
						<Parameters Name="LoadAllSymbols">True</Parameters>
						<Parameters Name="LoadUnspecifiedSymbols">False</Parameters>
					</Parameters>
					<VersionInfo>
						<VersionInfo Name="IncludeVerInfo">True</VersionInfo>
						<VersionInfo Name="AutoIncBuild">False</VersionInfo>
						<VersionInfo Name="MajorVer">2</VersionInfo>
						<VersionInfo Name="MinorVer">1</VersionInfo>
						<VersionInfo Name="Release">0</VersionInfo>
						<VersionInfo Name="Build">0</VersionInfo>
						<VersionInfo Name="Debug">False</VersionInfo>
						<VersionInfo Name="PreRelease">False</VersionInfo>
						<VersionInfo Name="Special">False</VersionInfo>
						<VersionInfo Name="Private">False</VersionInfo>
						<VersionInfo Name="DLL">False</VersionInfo>
						<VersionInfo Name="Locale">1040</VersionInfo>
						<VersionInfo Name="CodePage">1252</VersionInfo>
					</VersionInfo>
					<VersionInfoKeys>
						<VersionInfoKeys Name="CompanyName">www.instantobjects.org</VersionInfoKeys>
						<VersionInfoKeys Name="FileDescription">InstantObjects</VersionInfoKeys>
						<VersionInfoKeys Name="FileVersion">2.1.0.0</VersionInfoKeys>
						<VersionInfoKeys Name="InternalName"/>
						<VersionInfoKeys Name="LegalCopyright"/>
						<VersionInfoKeys Name="LegalTrademarks"/>
						<VersionInfoKeys Name="OriginalFilename"/>
						<VersionInfoKeys Name="ProductName">InstantObjects</VersionInfoKeys>
						<VersionInfoKeys Name="ProductVersion">2.1.0.0</VersionInfoKeys>
						<VersionInfoKeys Name="Comments"/>
					</VersionInfoKeys>
					<Source>
						<Source Name="MainSource">IOCore.dpk</Source>
					</Source>
					<Excluded_Packages>
						<Excluded_Packages Name="$(BDS)\bin\dcloffice2k120.bpl">Microsoft Office 2000 Sample Automation Server Wrapper Components</Excluded_Packages>
						<Excluded_Packages Name="$(BDS)\bin\dclofficexp120.bpl">Microsoft Office XP Sample Automation Server Wrapper Components</Excluded_Packages>
					</Excluded_Packages>
				</Delphi.Personality>
			</BorlandProject>
			<ProjectFileVersion>12</ProjectFileVersion>
		</ProjectExtensions>
	</Project>
