	<Project xmlns="http://schemas.microsoft.com/developer/msbuild/2003">
		<PropertyGroup>
			<ProjectGuid>{5e7fed32-48a7-4d66-a1ed-fbf2fb9c43c1}</ProjectGuid>
			<MainSource>Intro.dpr</MainSource>
			<Configuration Condition=" '$(Configuration)' == '' ">Release</Configuration>
			<Platform Condition=" '$(Platform)' == '' ">AnyCPU</Platform>
			<DCC_DCCCompiler>DCC32</DCC_DCCCompiler>
			<DCC_DependencyCheckOutputName>Intro.exe</DCC_DependencyCheckOutputName>
			<ProjectVersion>12.0</ProjectVersion>
			<Config Condition="'$(Config)'==''">Release</Config>
		</PropertyGroup>
		<PropertyGroup Condition="'$(Config)'=='Base' or '$(Base)'!=''">
			<Base>true</Base>
		</PropertyGroup>
		<PropertyGroup Condition="'$(Config)'=='Release' or '$(Cfg_1)'!=''">
			<Cfg_1>true</Cfg_1>
			<CfgParent>Base</CfgParent>
			<Base>true</Base>
		</PropertyGroup>
		<PropertyGroup Condition="'$(Config)'=='Debug' or '$(Cfg_2)'!=''">
			<Cfg_2>true</Cfg_2>
			<CfgParent>Base</CfgParent>
			<Base>true</Base>
		</PropertyGroup>
		<PropertyGroup Condition="'$(Base)'!=''">
			<DCC_UsePackage>vclx;vcl;dbrtl;Rave76VCL;bdertl;rtl;vclactnband;vcldb;vcldbx;dsnap;dsnapcon;TeeUI;TeeDB;Tee;adortl;vclib;ibxpress;IndyCore;IndySystem;IndyProtocols;xmlrtl;inet;intrawebdb_100_120;Intraweb_100_120;VclSmp;vclie;websnap;webdsnap;inetdbbde;inetdbxpress;soaprtl;vclribbon;dbexpress;DbxCommonDriver;DataSnapIndy10ServerTransport;DataSnapProviderClient;DataSnapServer;DbxClientDriver;DBXInterBaseDriver;DBXMySQLDriver;dbxcds;DBXSybaseASEDriver;DBXSybaseASADriver;DBXOracleDriver;DBXMSSQLDriver;DBXInformixDriver;DBXDb2Driver;IWEliteSuite_100_Delphi2009;InstantBDExpress;IOCore;IOBDE</DCC_UsePackage>
			<DCC_DependencyCheckOutputName>Intro.exe</DCC_DependencyCheckOutputName>
		</PropertyGroup>
		<PropertyGroup Condition="'$(Cfg_1)'!=''">
			<Version>7.0</Version>
			<DCC_WriteableConstants>True</DCC_WriteableConstants>
			<DCC_Optimize>False</DCC_Optimize>
			<DCC_GenerateStackFrames>True</DCC_GenerateStackFrames>
			<DCC_DebugInfoInExe>True</DCC_DebugInfoInExe>
			<DCC_UnitSearchPath>..\..\Source\Core;..\..\Source\Brokers\BDE;$(DCC_UnitSearchPath)</DCC_UnitSearchPath>
			<DCC_ResourcePath>..\..\Source\Core;..\..\Source\Brokers\BDE;$(DCC_ResourcePath)</DCC_ResourcePath>
			<DCC_ObjPath>..\..\Source\Core;..\..\Source\Brokers\BDE;$(DCC_ObjPath)</DCC_ObjPath>
			<DCC_IncludePath>..\..\Source\Core;..\..\Source\Brokers\BDE;$(DCC_IncludePath)</DCC_IncludePath>
			<DCC_UNSAFE_TYPE>True</DCC_UNSAFE_TYPE>
			<DCC_UNSAFE_CODE>True</DCC_UNSAFE_CODE>
			<DCC_UNSAFE_CAST>True</DCC_UNSAFE_CAST>
		</PropertyGroup>
		<PropertyGroup Condition="'$(Cfg_2)'!=''">
			<DCC_DebugDCUs>true</DCC_DebugDCUs>
			<Version>7.0</Version>
			<DCC_WriteableConstants>True</DCC_WriteableConstants>
			<DCC_Optimize>False</DCC_Optimize>
			<DCC_GenerateStackFrames>True</DCC_GenerateStackFrames>
			<DCC_DebugInfoInExe>True</DCC_DebugInfoInExe>
			<DCC_UnitSearchPath>..\..\Source\Core;..\..\Source\Brokers\BDE;$(DCC_UnitSearchPath)</DCC_UnitSearchPath>
			<DCC_ResourcePath>..\..\Source\Core;..\..\Source\Brokers\BDE;$(DCC_ResourcePath)</DCC_ResourcePath>
			<DCC_ObjPath>..\..\Source\Core;..\..\Source\Brokers\BDE;$(DCC_ObjPath)</DCC_ObjPath>
			<DCC_IncludePath>..\..\Source\Core;..\..\Source\Brokers\BDE;$(DCC_IncludePath)</DCC_IncludePath>
			<DCC_Define>DEBUG;$(DCC_Define)</DCC_Define>
			<DCC_UNSAFE_TYPE>True</DCC_UNSAFE_TYPE>
			<DCC_UNSAFE_CODE>True</DCC_UNSAFE_CODE>
			<DCC_UNSAFE_CAST>True</DCC_UNSAFE_CAST>
		</PropertyGroup>
		<ProjectExtensions>
			<Borland.Personality>Delphi.Personality.12</Borland.Personality>
			<Borland.ProjectType>VCLApplication</Borland.ProjectType>
			<BorlandProject>
				<Delphi.Personality>
					<Parameters>
						<Parameters Name="UseLauncher">False</Parameters>
						<Parameters Name="LoadAllSymbols">True</Parameters>
						<Parameters Name="LoadUnspecifiedSymbols">False</Parameters>
					</Parameters>
					<Language>
						<Language Name="ProjectLang">$00000406</Language>
					</Language>
					<VersionInfo>
						<VersionInfo Name="IncludeVerInfo">False</VersionInfo>
						<VersionInfo Name="AutoIncBuild">False</VersionInfo>
						<VersionInfo Name="MajorVer">1</VersionInfo>
						<VersionInfo Name="MinorVer">0</VersionInfo>
						<VersionInfo Name="Release">0</VersionInfo>
						<VersionInfo Name="Build">0</VersionInfo>
						<VersionInfo Name="Debug">False</VersionInfo>
						<VersionInfo Name="PreRelease">False</VersionInfo>
						<VersionInfo Name="Special">False</VersionInfo>
						<VersionInfo Name="Private">False</VersionInfo>
						<VersionInfo Name="DLL">False</VersionInfo>
						<VersionInfo Name="Locale">1030</VersionInfo>
						<VersionInfo Name="CodePage">1252</VersionInfo>
					</VersionInfo>
					<VersionInfoKeys>
						<VersionInfoKeys Name="CompanyName"/>
						<VersionInfoKeys Name="FileDescription"/>
						<VersionInfoKeys Name="FileVersion">1.0.0.0</VersionInfoKeys>
						<VersionInfoKeys Name="InternalName"/>
						<VersionInfoKeys Name="LegalCopyright"/>
						<VersionInfoKeys Name="LegalTrademarks"/>
						<VersionInfoKeys Name="OriginalFilename"/>
						<VersionInfoKeys Name="ProductName"/>
						<VersionInfoKeys Name="ProductVersion">1.0.0.0</VersionInfoKeys>
						<VersionInfoKeys Name="Comments"/>
					</VersionInfoKeys>
					<Source>
						<Source Name="MainSource">Intro.dpr</Source>
					</Source>
					<Excluded_Packages>
						<Excluded_Packages Name="$(BDS)\bin\dcloffice2k120.bpl">Microsoft Office 2000 Sample Automation Server Wrapper Components</Excluded_Packages>
						<Excluded_Packages Name="$(BDS)\bin\dclofficexp120.bpl">Microsoft Office XP Sample Automation Server Wrapper Components</Excluded_Packages>
					</Excluded_Packages>
				</Delphi.Personality>
			</BorlandProject>
			<ProjectFileVersion>12</ProjectFileVersion>
		</ProjectExtensions>
		<ItemGroup>
			<DelphiCompile Include="Intro.dpr">
				<MainSource>MainSource</MainSource>
			</DelphiCompile>
			<DCCReference Include="Model.pas"/>
			<DCCReference Include="Main.pas">
				<Form>MainForm</Form>
			</DCCReference>
			<DCCReference Include="ContactEdit.pas">
				<Form>ContactEditForm</Form>
			</DCCReference>
			<DCCReference Include="PersonEdit.pas">
				<Form>PersonEditForm</Form>
			</DCCReference>
			<DCCReference Include="CompanyEdit.pas">
				<Form>CompanyEditForm</Form>
			</DCCReference>
			<BuildConfiguration Include="Base">
				<Key>Base</Key>
			</BuildConfiguration>
			<BuildConfiguration Include="Debug">
				<Key>Cfg_2</Key>
				<CfgParent>Base</CfgParent>
			</BuildConfiguration>
			<BuildConfiguration Include="Release">
				<Key>Cfg_1</Key>
				<CfgParent>Base</CfgParent>
			</BuildConfiguration>
		</ItemGroup>
		<ItemGroup/>
		<Import Project="$(BDS)\Bin\CodeGear.Delphi.Targets" Condition="Exists('$(BDS)\Bin\CodeGear.Delphi.Targets')"/>
	</Project>
