<?xml version="1.0" encoding="utf-8"?>
<Project xmlns="http://schemas.microsoft.com/developer/msbuild/2003">
  <PropertyGroup>
    <ProjectGuid>{82e2f82a-6598-4acf-bbca-e2315e5938f6}</ProjectGuid>
    <MainSource>IOCore.dpk</MainSource>
    <Configuration Condition=" '$(Configuration)' == '' ">Debug</Configuration>
    <Platform Condition=" '$(Platform)' == '' ">AnyCPU</Platform>
    <DCC_DCCCompiler>DCC32</DCC_DCCCompiler>
    <DCC_DependencyCheckOutputName>C:\Users\nandod\Documents\RAD Studio\5.0\Bpl\IOCore_D11.bpl</DCC_DependencyCheckOutputName>
  </PropertyGroup>
  <PropertyGroup Condition=" '$(Configuration)|$(Platform)' == 'Release|AnyCPU' ">
    <Version>7.0</Version>
    <DCC_DebugInformation>False</DCC_DebugInformation>
    <DCC_LocalDebugSymbols>False</DCC_LocalDebugSymbols>
    <DCC_TypedAtParameter>True</DCC_TypedAtParameter>
    <DCC_SymbolReferenceInfo>0</DCC_SymbolReferenceInfo>
    <DCC_Define>RELEASE</DCC_Define>
  </PropertyGroup>
  <PropertyGroup Condition=" '$(Configuration)|$(Platform)' == 'Debug|AnyCPU' ">
    <Version>7.0</Version>
    <DCC_TypedAtParameter>True</DCC_TypedAtParameter>
  </PropertyGroup>
  <ProjectExtensions>
    <Borland.Personality>Delphi.Personality</Borland.Personality>
    <Borland.ProjectType>Package</Borland.ProjectType>
    <BorlandProject>
<BorlandProject><Delphi.Personality><Compiler><Compiler Name="UsePackages">False</Compiler><Compiler Name="Packages"></Compiler></Compiler><Parameters><Parameters Name="UseLauncher">False</Parameters><Parameters Name="LoadAllSymbols">True</Parameters><Parameters Name="LoadUnspecifiedSymbols">False</Parameters></Parameters><Package_Options><Package_Options Name="PackageDescription">InstantObjects Run-Time Package (Delphi 2007)</Package_Options><Package_Options Name="ImplicitBuild">False</Package_Options><Package_Options Name="DesigntimeOnly">False</Package_Options><Package_Options Name="RuntimeOnly">True</Package_Options><Package_Options Name="LibSuffix">_D11</Package_Options></Package_Options><VersionInfo><VersionInfo Name="IncludeVerInfo">True</VersionInfo><VersionInfo Name="AutoIncBuild">False</VersionInfo><VersionInfo Name="MajorVer">2</VersionInfo><VersionInfo Name="MinorVer">1</VersionInfo><VersionInfo Name="Release">0</VersionInfo><VersionInfo Name="Build">0</VersionInfo><VersionInfo Name="Debug">False</VersionInfo><VersionInfo Name="PreRelease">False</VersionInfo><VersionInfo Name="Special">False</VersionInfo><VersionInfo Name="Private">False</VersionInfo><VersionInfo Name="DLL">False</VersionInfo><VersionInfo Name="Locale">1040</VersionInfo><VersionInfo Name="CodePage">1252</VersionInfo></VersionInfo><VersionInfoKeys><VersionInfoKeys Name="CompanyName">www.instantobjects.org</VersionInfoKeys><VersionInfoKeys Name="FileDescription">InstantObjects</VersionInfoKeys><VersionInfoKeys Name="FileVersion">2.1.0.0</VersionInfoKeys><VersionInfoKeys Name="InternalName"></VersionInfoKeys><VersionInfoKeys Name="LegalCopyright"></VersionInfoKeys><VersionInfoKeys Name="LegalTrademarks"></VersionInfoKeys><VersionInfoKeys Name="OriginalFilename"></VersionInfoKeys><VersionInfoKeys Name="ProductName">InstantObjects</VersionInfoKeys><VersionInfoKeys Name="ProductVersion">2.1.0.0</VersionInfoKeys><VersionInfoKeys Name="Comments"></VersionInfoKeys></VersionInfoKeys><Source><Source Name="MainSource">IOCore.dpk</Source></Source></Delphi.Personality></BorlandProject></BorlandProject>
  </ProjectExtensions>
  <Import Project="$(MSBuildBinPath)\Borland.Delphi.Targets" />
  <ItemGroup>
    <DelphiCompile Include="IOCore.dpk">
      <MainSource>MainSource</MainSource>
    </DelphiCompile>
    <DCCReference Include="..\..\..\Tests\rtl.dcp" />
    <DCCReference Include="..\..\..\Tests\vcl.dcp" />
    <DCCReference Include="..\..\..\Tests\vcldb.dcp" />
    <DCCReference Include="..\InstantAccessors.pas" />
    <DCCReference Include="..\InstantBrokers.pas" />
    <DCCReference Include="..\InstantClasses.pas" />
    <DCCReference Include="..\InstantCode.pas" />
    <DCCReference Include="..\InstantCommand.pas" />
    <DCCReference Include="..\InstantConnectionManager.pas" />
    <DCCReference Include="..\InstantConnectionManagerFormUnit.pas">
      <Form>InstantConnectionManagerForm</Form>
    </DCCReference>
    <DCCReference Include="..\InstantConsts.pas" />
    <DCCReference Include="..\InstantCustomDBEvolverFormUnit.pas">
      <Form>InstantCustomDBEvolverForm</Form>
    </DCCReference>
    <DCCReference Include="..\InstantDBBuild.pas" />
    <DCCReference Include="..\InstantDBBuilderFormUnit.pas">
      <Form>InstantDBBuilderForm</Form>
    </DCCReference>
    <DCCReference Include="..\InstantDBEvolution.pas" />
    <DCCReference Include="..\InstantDBEvolverFormUnit.pas">
      <Form>InstantDBEvolverForm</Form>
    </DCCReference>
    <DCCReference Include="..\InstantDesignHook.pas" />
    <DCCReference Include="..\InstantExplorer.pas" />
    <DCCReference Include="..\InstantImageUtils.pas" />
    <DCCReference Include="..\InstantMetadata.pas" />
    <DCCReference Include="..\InstantPersistence.pas" />
    <DCCReference Include="..\InstantPresentation.pas" />
    <DCCReference Include="..\InstantPump.pas" />
    <DCCReference Include="..\InstantRtti.pas" />
    <DCCReference Include="..\InstantStandardValidators.pas" />
    <DCCReference Include="..\InstantTextFiler.pas" />
    <DCCReference Include="..\InstantTypes.pas" />
    <DCCReference Include="..\InstantUtils.pas" />
    <DCCReference Include="..\InstantValidation.pas" />
  </ItemGroup>
</Project>